
Microsoft Visual Studio Solution File, Format Version 12.00
# Visual Studio Version 17
VisualStudioVersion = 17.2.32630.192
MinimumVisualStudioVersion = 10.0.40219.1
Project("{9A19103F-16F7-4668-BE54-9A1E7A4F7556}") = "R5T.S0107", "R5T.S0107\R5T.S0107.csproj", "{2B093498-3296-4E74-8A02-3AA44C2EEF01}"
EndProject
Project("{2150E333-8FDC-42A3-9474-1A3956D46DE8}") = "_Dependencies", "_Dependencies", "{716C8A31-EDC9-4F79-9E76-A90C473FE17A}"
EndProject
Project("{9A19103F-16F7-4668-BE54-9A1E7A4F7556}") = "R5T.L0053", "..\..\R5T.L0053\source\R5T.L0053\R5T.L0053.csproj", "{C5EC72EB-6A0D-4EA8-B665-88CA7E14D5E3}"
EndProject
Project("{9A19103F-16F7-4668-BE54-9A1E7A4F7556}") = "R5T.L0062.L001", "..\..\R5T.L0062\source\R5T.L0062.L001\R5T.L0062.L001.csproj", "{B3D227EC-7075-49B7-A3AF-29661AA43B78}"
EndProject
Project("{9A19103F-16F7-4668-BE54-9A1E7A4F7556}") = "R5T.L0065.F000", "..\..\R5T.L0065\source\R5T.L0065.F000\R5T.L0065.F000.csproj", "{2D181AEA-0179-40D2-B09C-CB5F0593CFA2}"
EndProject
Project("{9A19103F-16F7-4668-BE54-9A1E7A4F7556}") = "R5T.L0065.F001", "..\..\R5T.L0065\source\R5T.L0065.F001\R5T.L0065.F001.csproj", "{659BEF13-A7BC-4068-A9EC-AFE04BB3E373}"
EndProject
Project("{9A19103F-16F7-4668-BE54-9A1E7A4F7556}") = "R5T.L0065.T000", "..\..\R5T.L0065\source\R5T.L0065.T000\R5T.L0065.T000.csproj", "{619F7DB9-D9FE-4B0C-A008-796F15753964}"
EndProject
Project("{9A19103F-16F7-4668-BE54-9A1E7A4F7556}") = "R5T.T0131", "..\..\R5T.T0131\source\R5T.T0131\R5T.T0131.csproj", "{029A04F9-0083-4F09-8B54-1C39CA78F5ED}"
EndProject
Project("{9A19103F-16F7-4668-BE54-9A1E7A4F7556}") = "R5T.T0132", "..\..\R5T.T0132\source\R5T.T0132\R5T.T0132.csproj", "{4C0D780E-6D21-49C0-A346-88BCDE7782D7}"
EndProject
Project("{9A19103F-16F7-4668-BE54-9A1E7A4F7556}") = "R5T.T0142", "..\..\R5T.T0142\source\R5T.T0142\R5T.T0142.csproj", "{0E206154-BE83-49F9-B428-05641B25F8AA}"
EndProject
Project("{9A19103F-16F7-4668-BE54-9A1E7A4F7556}") = "R5T.T0143", "..\..\R5T.T0143\source\R5T.T0143\R5T.T0143.csproj", "{D001E10B-CCD9-4284-96FB-16B30D260333}"
EndProject
Project("{9A19103F-16F7-4668-BE54-9A1E7A4F7556}") = "R5T.T0156", "..\..\R5T.T0156\source\R5T.T0156\R5T.T0156.csproj", "{5AC5A0B8-456C-47B8-A7D7-AE905848CA7F}"
EndProject
Project("{9A19103F-16F7-4668-BE54-9A1E7A4F7556}") = "R5T.T0221", "..\..\R5T.T0221\source\R5T.T0221\R5T.T0221.csproj", "{6A9AECDD-22FF-408E-ACC6-0311D4AB89A0}"
EndProject
Project("{9A19103F-16F7-4668-BE54-9A1E7A4F7556}") = "R5T.Y0000", "..\..\R5T.Y0000\source\R5T.Y0000\R5T.Y0000.csproj", "{58112B99-841D-4E7B-847D-FD6E68DD6ADD}"
EndProject
Project("{9A19103F-16F7-4668-BE54-9A1E7A4F7556}") = "R5T.Z0000", "..\..\R5T.Z0000\source\R5T.Z0000\R5T.Z0000.csproj", "{9C572F0E-7CC6-4A28-AADE-0ED8E61DA1AD}"
EndProject
Project("{9A19103F-16F7-4668-BE54-9A1E7A4F7556}") = "R5T.Z0010.Platform", "..\..\R5T.Z0010\source\R5T.Z0010.Platform\R5T.Z0010.Platform.csproj", "{9261CE8A-64A6-4059-80F9-F649119E35E1}"
EndProject
Project("{9A19103F-16F7-4668-BE54-9A1E7A4F7556}") = "R5T.F0000", "..\..\R5T.F0000\source\R5T.F0000\R5T.F0000.csproj", "{FEE4C15D-60AB-4769-B532-8BCBF1224501}"
EndProject
Project("{9A19103F-16F7-4668-BE54-9A1E7A4F7556}") = "R5T.F0002", "..\..\R5T.F0002\source\R5T.F0002\R5T.F0002.csproj", "{79100408-C1E7-4378-A5A7-BF763E1FBF2B}"
EndProject
Project("{9A19103F-16F7-4668-BE54-9A1E7A4F7556}") = "R5T.F0120", "..\..\R5T.F0120\source\R5T.F0120\R5T.F0120.csproj", "{78C01849-7B39-4EFE-B6ED-A274A7D48C97}"
EndProject
Project("{9A19103F-16F7-4668-BE54-9A1E7A4F7556}") = "R5T.F0124", "..\..\R5T.F0124\source\R5T.F0124\R5T.F0124.csproj", "{13591B59-D800-4847-9C0D-DDD7C3AFEE70}"
EndProject
Project("{9A19103F-16F7-4668-BE54-9A1E7A4F7556}") = "R5T.F0125", "..\..\R5T.F0125\source\R5T.F0125\R5T.F0125.csproj", "{01A713AD-F28C-464A-82EF-7D2EA2B91F8E}"
EndProject
Project("{9A19103F-16F7-4668-BE54-9A1E7A4F7556}") = "R5T.L0030.T000", "..\..\R5T.L0030\source\R5T.L0030.T000\R5T.L0030.T000.csproj", "{140B05A8-D73B-4D0B-A329-A6CAD1BDCD57}"
EndProject
Project("{9A19103F-16F7-4668-BE54-9A1E7A4F7556}") = "R5T.L0030", "..\..\R5T.L0030\source\R5T.L0030\R5T.L0030.csproj", "{482BB4E4-6FBE-474F-9AB0-046E6EA93516}"
EndProject
Project("{9A19103F-16F7-4668-BE54-9A1E7A4F7556}") = "R5T.L0034", "..\..\R5T.L0034\source\R5T.L0034\R5T.L0034.csproj", "{283DD18A-AF94-4FC5-B5C1-D3F153D93395}"
EndProject
Project("{9A19103F-16F7-4668-BE54-9A1E7A4F7556}") = "R5T.L0035", "..\..\R5T.L0035\source\R5T.L0035\R5T.L0035.csproj", "{0FE46944-7616-4595-BF8C-B361269F1BDF}"
EndProject
Project("{9A19103F-16F7-4668-BE54-9A1E7A4F7556}") = "R5T.NG0022", "..\..\R5T.NG0022\source\R5T.NG0022\R5T.NG0022.csproj", "{3997BE41-53B4-4868-8CF8-6697AA932372}"
EndProject
Project("{9A19103F-16F7-4668-BE54-9A1E7A4F7556}") = "R5T.T0174", "..\..\R5T.T0174\source\R5T.T0174\R5T.T0174.csproj", "{CCB39E61-C00A-429C-9638-495FD470675F}"
EndProject
Project("{9A19103F-16F7-4668-BE54-9A1E7A4F7556}") = "R5T.T0176", "..\..\R5T.T0176\source\R5T.T0176\R5T.T0176.csproj", "{20AF40D9-C15E-46CA-B655-0F89BD3B5DE4}"
EndProject
Project("{9A19103F-16F7-4668-BE54-9A1E7A4F7556}") = "R5T.T0177", "..\..\R5T.T0177\source\R5T.T0177\R5T.T0177.csproj", "{B5192CBA-B559-47A1-AC6D-9FFE244DC87C}"
EndProject
Project("{9A19103F-16F7-4668-BE54-9A1E7A4F7556}") = "R5T.T0178", "..\..\R5T.T0178\source\R5T.T0178\R5T.T0178.csproj", "{7C5DECD4-1BD2-4130-970A-DCA53C253ED7}"
EndProject
Project("{9A19103F-16F7-4668-BE54-9A1E7A4F7556}") = "R5T.T0179", "..\..\R5T.T0179\source\R5T.T0179\R5T.T0179.csproj", "{F8FA64A5-91AC-4F54-9407-078FAEA098DC}"
EndProject
Project("{9A19103F-16F7-4668-BE54-9A1E7A4F7556}") = "R5T.T0180", "..\..\R5T.T0180\source\R5T.T0180\R5T.T0180.csproj", "{3742EC0D-E54C-406D-BC7F-C3834EED41F8}"
EndProject
Project("{9A19103F-16F7-4668-BE54-9A1E7A4F7556}") = "R5T.T0181", "..\..\R5T.T0181\source\R5T.T0181\R5T.T0181.csproj", "{8D3719FC-8795-4DA5-8D51-FDFF67F93D71}"
EndProject
Project("{9A19103F-16F7-4668-BE54-9A1E7A4F7556}") = "R5T.T0185", "..\..\R5T.T0185\source\R5T.T0185\R5T.T0185.csproj", "{13F837FF-97D9-4050-BB8A-9DA7E72A80E1}"
EndProject
Project("{9A19103F-16F7-4668-BE54-9A1E7A4F7556}") = "R5T.T0199", "..\..\R5T.T0199\source\R5T.T0199\R5T.T0199.csproj", "{68F404E6-D525-4DDE-97C1-15467760E7BA}"
EndProject
Project("{9A19103F-16F7-4668-BE54-9A1E7A4F7556}") = "R5T.T0203", "..\..\R5T.T0203\source\R5T.T0203\R5T.T0203.csproj", "{F31736C4-7061-44E7-9A40-59DD76114DC2}"
EndProject
Project("{9A19103F-16F7-4668-BE54-9A1E7A4F7556}") = "R5T.T0220", "..\..\R5T.T0220\source\R5T.T0220\R5T.T0220.csproj", "{FDAB5A7F-4F74-4505-8A5B-E7D87B6851DF}"
EndProject
Project("{9A19103F-16F7-4668-BE54-9A1E7A4F7556}") = "R5T.T0225.T000", "..\..\R5T.T0225\source\R5T.T0225.T000\R5T.T0225.T000.csproj", "{570F397A-E496-4C30-9268-12F33BAC44DF}"
EndProject
Project("{9A19103F-16F7-4668-BE54-9A1E7A4F7556}") = "R5T.T0225", "..\..\R5T.T0225\source\R5T.T0225\R5T.T0225.csproj", "{38C2744D-FC41-4097-A043-83CA6C482682}"
EndProject
Project("{9A19103F-16F7-4668-BE54-9A1E7A4F7556}") = "R5T.T0226.T000", "..\..\R5T.T0226\source\R5T.T0226.T000\R5T.T0226.T000.csproj", "{934E55E2-C267-425B-9FE4-787D9371E07A}"
EndProject
Project("{9A19103F-16F7-4668-BE54-9A1E7A4F7556}") = "R5T.T0226", "..\..\R5T.T0226\source\R5T.T0226\R5T.T0226.csproj", "{A9C1B22A-9EC2-4317-9B35-08513F65C031}"
EndProject
Project("{9A19103F-16F7-4668-BE54-9A1E7A4F7556}") = "R5T.F0020", "..\..\R5T.F0020\source\R5T.F0020\R5T.F0020.csproj", "{EA474BFB-D6DA-46D2-93B6-E6FB24DC3BC7}"
EndProject
Project("{9A19103F-16F7-4668-BE54-9A1E7A4F7556}") = "R5T.F0033.Platform", "..\..\R5T.F0033\source\R5T.F0033.Platform\R5T.F0033.Platform.csproj", "{0A3DF8B6-8C18-4C43-B379-620A782763B1}"
EndProject
Project("{9A19103F-16F7-4668-BE54-9A1E7A4F7556}") = "R5T.F0033", "..\..\R5T.F0033\source\R5T.F0033\R5T.F0033.csproj", "{FC25B663-C509-49A2-A87E-68EC076E509A}"
EndProject
Project("{9A19103F-16F7-4668-BE54-9A1E7A4F7556}") = "R5T.F0034.Platform", "..\..\R5T.F0034\source\R5T.F0034.Platform\R5T.F0034.Platform.csproj", "{9AF9B72D-98AB-4C10-A58C-609E0629813D}"
EndProject
Project("{9A19103F-16F7-4668-BE54-9A1E7A4F7556}") = "R5T.F0034", "..\..\R5T.F0034\source\R5T.F0034\R5T.F0034.csproj", "{AE765511-1ED5-4FD9-8624-E197596F98BE}"
EndProject
Project("{9A19103F-16F7-4668-BE54-9A1E7A4F7556}") = "R5T.F0035.F001", "..\..\R5T.F0035\source\R5T.F0035.F001\R5T.F0035.F001.csproj", "{CFD5BD7F-D34E-4979-AF38-DDEF4989C9F9}"
EndProject
Project("{9A19103F-16F7-4668-BE54-9A1E7A4F7556}") = "R5T.F0040.F000", "..\..\R5T.F0040\source\R5T.F0040.F000\R5T.F0040.F000.csproj", "{5CAC3FBA-C052-46A9-9ACE-A9CDF00881FB}"
EndProject
Project("{9A19103F-16F7-4668-BE54-9A1E7A4F7556}") = "R5T.F0040", "..\..\R5T.F0040\source\R5T.F0040\R5T.F0040.csproj", "{FBF89689-0C33-4A8D-A63F-AA8589BC8D84}"
EndProject
Project("{9A19103F-16F7-4668-BE54-9A1E7A4F7556}") = "R5T.F0059", "..\..\R5T.F0059\source\R5T.F0059\R5T.F0059.csproj", "{487635C6-FBE1-49DA-8485-8D264D2E0235}"
EndProject
Project("{9A19103F-16F7-4668-BE54-9A1E7A4F7556}") = "R5T.F0138", "..\..\R5T.F0138\source\R5T.F0138\R5T.F0138.csproj", "{444492D9-BD55-4EF6-9696-B22D8B4D06B1}"
EndProject
Project("{9A19103F-16F7-4668-BE54-9A1E7A4F7556}") = "R5T.F0139", "..\..\R5T.F0139\source\R5T.F0139\R5T.F0139.csproj", "{F6E7042F-F6A1-45A1-924E-95148D358675}"
EndProject
Project("{9A19103F-16F7-4668-BE54-9A1E7A4F7556}") = "R5T.F0140", "..\..\R5T.F0140\source\R5T.F0140\R5T.F0140.csproj", "{889F2F2C-5E3F-4AC6-A0E8-0613B2CE1AA9}"
EndProject
Project("{9A19103F-16F7-4668-BE54-9A1E7A4F7556}") = "R5T.L0032.T000", "..\..\R5T.L0032\source\R5T.L0032.T000\R5T.L0032.T000.csproj", "{3C700562-6D5A-48C4-857A-C604FE27FA01}"
EndProject
Project("{9A19103F-16F7-4668-BE54-9A1E7A4F7556}") = "R5T.L0055", "..\..\R5T.L0055\source\R5T.L0055\R5T.L0055.csproj", "{A9C7BABB-B031-48FE-A788-506E63ABE516}"
EndProject
Project("{9A19103F-16F7-4668-BE54-9A1E7A4F7556}") = "R5T.L0056", "..\..\R5T.L0056\source\R5T.L0056\R5T.L0056.csproj", "{931F4C28-EE49-49F5-B2EE-77BF7D4FA235}"
EndProject
Project("{9A19103F-16F7-4668-BE54-9A1E7A4F7556}") = "R5T.L0057", "..\..\R5T.L0057\source\R5T.L0057\R5T.L0057.csproj", "{B2F4A46C-DA12-450D-8CA5-D3877EF49E12}"
EndProject
Project("{9A19103F-16F7-4668-BE54-9A1E7A4F7556}") = "R5T.L0058", "..\..\R5T.L0058\source\R5T.L0058\R5T.L0058.csproj", "{31222CC1-1D60-474A-9D8C-0490679633CE}"
EndProject
Project("{9A19103F-16F7-4668-BE54-9A1E7A4F7556}") = "R5T.L0061", "..\..\R5T.L0061\source\R5T.L0061\R5T.L0061.csproj", "{A3B6BC4B-8D76-4863-8222-1C8422E70E9A}"
EndProject
Project("{9A19103F-16F7-4668-BE54-9A1E7A4F7556}") = "R5T.L0064.F001", "..\..\R5T.L0064\source\R5T.L0064.F001\R5T.L0064.F001.csproj", "{242436E7-620B-4BA7-AC4B-25398664B697}"
EndProject
Project("{9A19103F-16F7-4668-BE54-9A1E7A4F7556}") = "R5T.NG0002", "..\..\R5T.NG0002\source\R5T.NG0002\R5T.NG0002.csproj", "{AB19BC53-A6B3-41CF-BB68-266AFEDE635E}"
EndProject
Project("{9A19103F-16F7-4668-BE54-9A1E7A4F7556}") = "R5T.NG0006", "..\..\R5T.NG0006\source\R5T.NG0006\R5T.NG0006.csproj", "{0EF15D62-21B6-4DDC-8344-865F3E51DF76}"
EndProject
Project("{9A19103F-16F7-4668-BE54-9A1E7A4F7556}") = "R5T.NG0007", "..\..\R5T.NG0007\source\R5T.NG0007\R5T.NG0007.csproj", "{05CC0983-8638-4769-93C7-7D240C441D8C}"
EndProject
Project("{9A19103F-16F7-4668-BE54-9A1E7A4F7556}") = "R5T.NG0010", "..\..\R5T.NG0010\source\R5T.NG0010\R5T.NG0010.csproj", "{8E9B1891-ECF1-4289-AC19-7238CBB1D8C6}"
EndProject
Project("{9A19103F-16F7-4668-BE54-9A1E7A4F7556}") = "R5T.T0141", "..\..\R5T.T0141\source\R5T.T0141\R5T.T0141.csproj", "{3BBC3111-1E8F-4DB6-9B4E-A1BD27A337A3}"
EndProject
Project("{9A19103F-16F7-4668-BE54-9A1E7A4F7556}") = "R5T.T0148", "..\..\R5T.T0148\source\R5T.T0148\R5T.T0148.csproj", "{87C9268C-9BEB-49D0-AC89-3F308EBCB320}"
EndProject
Project("{9A19103F-16F7-4668-BE54-9A1E7A4F7556}") = "R5T.T0150", "..\..\R5T.T0150\source\R5T.T0150\R5T.T0150.csproj", "{85CE319C-6130-413C-8037-7393E6C72041}"
EndProject
Project("{9A19103F-16F7-4668-BE54-9A1E7A4F7556}") = "R5T.T0151", "..\..\R5T.T0151\source\R5T.T0151\R5T.T0151.csproj", "{D121376F-D41B-4C85-AF05-D36F15B9CCFB}"
EndProject
Project("{9A19103F-16F7-4668-BE54-9A1E7A4F7556}") = "R5T.T0152", "..\..\R5T.T0152\source\R5T.T0152\R5T.T0152.csproj", "{A144F363-5457-473F-A2FC-4A5F89DAAD88}"
EndProject
Project("{9A19103F-16F7-4668-BE54-9A1E7A4F7556}") = "R5T.T0158.F000", "..\..\R5T.T0158\source\R5T.T0158.F000\R5T.T0158.F000.csproj", "{30313595-4E99-406D-A3A4-005B011E44AE}"
EndProject
Project("{9A19103F-16F7-4668-BE54-9A1E7A4F7556}") = "R5T.T0158.T000", "..\..\R5T.T0158\source\R5T.T0158.T000\R5T.T0158.T000.csproj", "{C145311B-3AC4-4128-BFC7-E92C28D293BB}"
EndProject
Project("{9A19103F-16F7-4668-BE54-9A1E7A4F7556}") = "R5T.T0158", "..\..\R5T.T0158\source\R5T.T0158\R5T.T0158.csproj", "{11DAEEE9-F7C8-492B-950A-0808C154D248}"
EndProject
Project("{9A19103F-16F7-4668-BE54-9A1E7A4F7556}") = "R5T.T0159.F000", "..\..\R5T.T0159\source\R5T.T0159.F000\R5T.T0159.F000.csproj", "{3ABB38CD-2B2A-4933-9378-AFFE5488244F}"
EndProject
Project("{9A19103F-16F7-4668-BE54-9A1E7A4F7556}") = "R5T.T0159", "..\..\R5T.T0159\source\R5T.T0159\R5T.T0159.csproj", "{620024FC-A91F-40F5-9B04-B4318FD6668F}"
EndProject
Project("{9A19103F-16F7-4668-BE54-9A1E7A4F7556}") = "R5T.T0161", "..\..\R5T.T0161\source\R5T.T0161\R5T.T0161.csproj", "{33AA19B6-DEF5-4496-80E3-9A6D96911697}"
EndProject
Project("{9A19103F-16F7-4668-BE54-9A1E7A4F7556}") = "R5T.T0172", "..\..\R5T.T0172\source\R5T.T0172\R5T.T0172.csproj", "{DC6136B5-5CE7-48E1-8DA1-8B0266EF81CD}"
EndProject
Project("{9A19103F-16F7-4668-BE54-9A1E7A4F7556}") = "R5T.T0184", "..\..\R5T.T0184\source\R5T.T0184\R5T.T0184.csproj", "{49DF953F-71CE-4067-AF56-5242069F7625}"
EndProject
Project("{9A19103F-16F7-4668-BE54-9A1E7A4F7556}") = "R5T.T0186", "..\..\R5T.T0186\source\R5T.T0186\R5T.T0186.csproj", "{0DE7D048-B2AA-476B-968C-5DDB971658A9}"
EndProject
Project("{9A19103F-16F7-4668-BE54-9A1E7A4F7556}") = "R5T.T0187", "..\..\R5T.T0187\source\R5T.T0187\R5T.T0187.csproj", "{B68678AE-486D-4C77-A0CC-4F0618B26D8F}"
EndProject
Project("{9A19103F-16F7-4668-BE54-9A1E7A4F7556}") = "R5T.T0196", "..\..\R5T.T0196\source\R5T.T0196\R5T.T0196.csproj", "{C4D761E0-482E-4048-BF0C-B2A70DDDDF9D}"
EndProject
Project("{9A19103F-16F7-4668-BE54-9A1E7A4F7556}") = "R5T.T0197", "..\..\R5T.T0197\source\R5T.T0197\R5T.T0197.csproj", "{40C3CDA8-BE4F-4918-80C7-2F25CFBEB638}"
EndProject
Project("{9A19103F-16F7-4668-BE54-9A1E7A4F7556}") = "R5T.T0198", "..\..\R5T.T0198\source\R5T.T0198\R5T.T0198.csproj", "{2ED1E36B-3485-4FA9-A4EF-2A8BD067280F}"
EndProject
Project("{9A19103F-16F7-4668-BE54-9A1E7A4F7556}") = "R5T.T0200", "..\..\R5T.T0200\source\R5T.T0200\R5T.T0200.csproj", "{FF907CE8-7949-43EB-8D9A-F77824D37956}"
EndProject
Project("{9A19103F-16F7-4668-BE54-9A1E7A4F7556}") = "R5T.T0213", "..\..\R5T.T0213\source\R5T.T0213\R5T.T0213.csproj", "{F62A457F-04A1-45AC-9E9B-824B5366CEA6}"
EndProject
Project("{9A19103F-16F7-4668-BE54-9A1E7A4F7556}") = "R5T.T0214.Z001", "..\..\R5T.T0214\source\R5T.T0214.Z001\R5T.T0214.Z001.csproj", "{6A3300E3-797E-486E-88B3-96190A93F08C}"
EndProject
Project("{9A19103F-16F7-4668-BE54-9A1E7A4F7556}") = "R5T.T0214", "..\..\R5T.T0214\source\R5T.T0214\R5T.T0214.csproj", "{BD4691B2-4C7E-463A-8AFF-6B5E53CF20F5}"
EndProject
Project("{9A19103F-16F7-4668-BE54-9A1E7A4F7556}") = "R5T.T0215.Z000", "..\..\R5T.T0215\source\R5T.T0215.Z000\R5T.T0215.Z000.csproj", "{F6E7661A-09FC-456E-B4D9-2761836E3F63}"
EndProject
Project("{9A19103F-16F7-4668-BE54-9A1E7A4F7556}") = "R5T.T0215", "..\..\R5T.T0215\source\R5T.T0215\R5T.T0215.csproj", "{BA676AAD-CB1F-40D5-861F-06C8D6FB737C}"
EndProject
Project("{9A19103F-16F7-4668-BE54-9A1E7A4F7556}") = "R5T.T0216.F001", "..\..\R5T.T0216\source\R5T.T0216.F001\R5T.T0216.F001.csproj", "{71411EAB-3994-4224-9D97-513332901D13}"
EndProject
Project("{9A19103F-16F7-4668-BE54-9A1E7A4F7556}") = "R5T.T0216", "..\..\R5T.T0216\source\R5T.T0216\R5T.T0216.csproj", "{65AA512F-6094-4BED-B65A-A4367FB96E63}"
EndProject
Project("{9A19103F-16F7-4668-BE54-9A1E7A4F7556}") = "R5T.T0217.F001", "..\..\R5T.T0217\source\R5T.T0217.F001\R5T.T0217.F001.csproj", "{D2ED5D6C-030E-42E1-A423-00F287668D69}"
EndProject
Project("{9A19103F-16F7-4668-BE54-9A1E7A4F7556}") = "R5T.T0217", "..\..\R5T.T0217\source\R5T.T0217\R5T.T0217.csproj", "{C32BB284-FFA0-476B-A66E-FDFC31E116A5}"
EndProject
Project("{9A19103F-16F7-4668-BE54-9A1E7A4F7556}") = "R5T.T0218", "..\..\R5T.T0218\source\R5T.T0218\R5T.T0218.csproj", "{4629EEBB-91B9-4FFD-BD19-95CAC33D3358}"
EndProject
Project("{9A19103F-16F7-4668-BE54-9A1E7A4F7556}") = "R5T.T0219", "..\..\R5T.T0219\source\R5T.T0219\R5T.T0219.csproj", "{93427181-3B6D-47E4-86E0-8851456272B0}"
EndProject
Project("{9A19103F-16F7-4668-BE54-9A1E7A4F7556}") = "R5T.T0224", "..\..\R5T.T0224\source\R5T.T0224\R5T.T0224.csproj", "{2C57A6D8-EF85-497A-A83E-02B8273CD371}"
EndProject
Project("{9A19103F-16F7-4668-BE54-9A1E7A4F7556}") = "R5T.T0227", "..\..\R5T.T0227\source\R5T.T0227\R5T.T0227.csproj", "{44C44488-AA46-4166-AC1F-ADCD82B256A4}"
EndProject
Project("{9A19103F-16F7-4668-BE54-9A1E7A4F7556}") = "R5T.Z0010", "..\..\R5T.Z0010\source\R5T.Z0010\R5T.Z0010.csproj", "{81AD0A51-FEF9-4C8C-9262-7D11C60EFE7B}"
EndProject
Project("{9A19103F-16F7-4668-BE54-9A1E7A4F7556}") = "R5T.Z0012", "..\..\R5T.Z0012\source\R5T.Z0012\R5T.Z0012.csproj", "{20E142AA-3D6E-478D-8506-AA1B6A4B9703}"
EndProject
Project("{9A19103F-16F7-4668-BE54-9A1E7A4F7556}") = "R5T.Z0044.Z000", "..\..\R5T.Z0044\source\R5T.Z0044.Z000\R5T.Z0044.Z000.csproj", "{9B052744-6751-448C-806E-56416D821247}"
EndProject
Project("{9A19103F-16F7-4668-BE54-9A1E7A4F7556}") = "R5T.Z0046.Platform", "..\..\R5T.Z0046\source\R5T.Z0046.Platform\R5T.Z0046.Platform.csproj", "{53164D52-C9BB-4C07-B71B-FC7A1AF8CFBF}"
EndProject
Project("{9A19103F-16F7-4668-BE54-9A1E7A4F7556}") = "R5T.Z0046", "..\..\R5T.Z0046\source\R5T.Z0046\R5T.Z0046.csproj", "{C5D71C00-40AA-4CF4-A07A-530FEF58D1C2}"
EndProject
Project("{9A19103F-16F7-4668-BE54-9A1E7A4F7556}") = "R5T.Z0057.Platform", "..\..\R5T.Z0057\source\R5T.Z0057.Platform\R5T.Z0057.Platform.csproj", "{9E72FBC9-5C85-4798-BA3E-F97DB01D7ACE}"
EndProject
Project("{9A19103F-16F7-4668-BE54-9A1E7A4F7556}") = "R5T.Z0057", "..\..\R5T.Z0057\source\R5T.Z0057\R5T.Z0057.csproj", "{975DEB24-C842-4481-980B-2CB0749698DA}"
EndProject
Project("{9A19103F-16F7-4668-BE54-9A1E7A4F7556}") = "R5T.Z0058", "..\..\R5T.Z0058\source\R5T.Z0058\R5T.Z0058.csproj", "{A7BE90EF-F06E-4E92-8DCB-FDFC4460D50E}"
EndProject
Project("{9A19103F-16F7-4668-BE54-9A1E7A4F7556}") = "R5T.Z0063.Platform", "..\..\R5T.Z0063\source\R5T.Z0063.Platform\R5T.Z0063.Platform.csproj", "{89FC6023-70CD-4520-8CB2-1C17ABAF7B6B}"
EndProject
Project("{9A19103F-16F7-4668-BE54-9A1E7A4F7556}") = "R5T.Z0063", "..\..\R5T.Z0063\source\R5T.Z0063\R5T.Z0063.csproj", "{89B5F3D3-1829-4032-99EF-846E4176506D}"
EndProject
Project("{9A19103F-16F7-4668-BE54-9A1E7A4F7556}") = "R5T.L0065", "..\..\R5T.L0065\source\R5T.L0065\R5T.L0065.csproj", "{30C7C23B-D8A4-4DCA-A285-41AF4464FDAF}"
EndProject
Project("{9A19103F-16F7-4668-BE54-9A1E7A4F7556}") = "R5T.F0032", "..\..\R5T.F0032\source\R5T.F0032\R5T.F0032.csproj", "{243DC335-B368-435D-9D57-851DB2CBB20D}"
EndProject
Project("{9A19103F-16F7-4668-BE54-9A1E7A4F7556}") = "R5T.NG0008", "..\..\R5T.NG0008\source\R5T.NG0008\R5T.NG0008.csproj", "{5AAECF88-324A-4795-8123-D0560ADABB71}"
EndProject
Global
	GlobalSection(NestedProjects) = preSolution
		{C5EC72EB-6A0D-4EA8-B665-88CA7E14D5E3} = {716C8A31-EDC9-4F79-9E76-A90C473FE17A}
		{B3D227EC-7075-49B7-A3AF-29661AA43B78} = {716C8A31-EDC9-4F79-9E76-A90C473FE17A}
		{2D181AEA-0179-40D2-B09C-CB5F0593CFA2} = {716C8A31-EDC9-4F79-9E76-A90C473FE17A}
		{659BEF13-A7BC-4068-A9EC-AFE04BB3E373} = {716C8A31-EDC9-4F79-9E76-A90C473FE17A}
		{619F7DB9-D9FE-4B0C-A008-796F15753964} = {716C8A31-EDC9-4F79-9E76-A90C473FE17A}
		{029A04F9-0083-4F09-8B54-1C39CA78F5ED} = {716C8A31-EDC9-4F79-9E76-A90C473FE17A}
		{4C0D780E-6D21-49C0-A346-88BCDE7782D7} = {716C8A31-EDC9-4F79-9E76-A90C473FE17A}
		{0E206154-BE83-49F9-B428-05641B25F8AA} = {716C8A31-EDC9-4F79-9E76-A90C473FE17A}
		{D001E10B-CCD9-4284-96FB-16B30D260333} = {716C8A31-EDC9-4F79-9E76-A90C473FE17A}
		{5AC5A0B8-456C-47B8-A7D7-AE905848CA7F} = {716C8A31-EDC9-4F79-9E76-A90C473FE17A}
		{6A9AECDD-22FF-408E-ACC6-0311D4AB89A0} = {716C8A31-EDC9-4F79-9E76-A90C473FE17A}
		{58112B99-841D-4E7B-847D-FD6E68DD6ADD} = {716C8A31-EDC9-4F79-9E76-A90C473FE17A}
		{9C572F0E-7CC6-4A28-AADE-0ED8E61DA1AD} = {716C8A31-EDC9-4F79-9E76-A90C473FE17A}
		{9261CE8A-64A6-4059-80F9-F649119E35E1} = {716C8A31-EDC9-4F79-9E76-A90C473FE17A}
		{FEE4C15D-60AB-4769-B532-8BCBF1224501} = {716C8A31-EDC9-4F79-9E76-A90C473FE17A}
		{79100408-C1E7-4378-A5A7-BF763E1FBF2B} = {716C8A31-EDC9-4F79-9E76-A90C473FE17A}
		{78C01849-7B39-4EFE-B6ED-A274A7D48C97} = {716C8A31-EDC9-4F79-9E76-A90C473FE17A}
		{13591B59-D800-4847-9C0D-DDD7C3AFEE70} = {716C8A31-EDC9-4F79-9E76-A90C473FE17A}
		{01A713AD-F28C-464A-82EF-7D2EA2B91F8E} = {716C8A31-EDC9-4F79-9E76-A90C473FE17A}
		{140B05A8-D73B-4D0B-A329-A6CAD1BDCD57} = {716C8A31-EDC9-4F79-9E76-A90C473FE17A}
		{482BB4E4-6FBE-474F-9AB0-046E6EA93516} = {716C8A31-EDC9-4F79-9E76-A90C473FE17A}
		{283DD18A-AF94-4FC5-B5C1-D3F153D93395} = {716C8A31-EDC9-4F79-9E76-A90C473FE17A}
		{0FE46944-7616-4595-BF8C-B361269F1BDF} = {716C8A31-EDC9-4F79-9E76-A90C473FE17A}
		{3997BE41-53B4-4868-8CF8-6697AA932372} = {716C8A31-EDC9-4F79-9E76-A90C473FE17A}
		{CCB39E61-C00A-429C-9638-495FD470675F} = {716C8A31-EDC9-4F79-9E76-A90C473FE17A}
		{20AF40D9-C15E-46CA-B655-0F89BD3B5DE4} = {716C8A31-EDC9-4F79-9E76-A90C473FE17A}
		{B5192CBA-B559-47A1-AC6D-9FFE244DC87C} = {716C8A31-EDC9-4F79-9E76-A90C473FE17A}
		{7C5DECD4-1BD2-4130-970A-DCA53C253ED7} = {716C8A31-EDC9-4F79-9E76-A90C473FE17A}
		{F8FA64A5-91AC-4F54-9407-078FAEA098DC} = {716C8A31-EDC9-4F79-9E76-A90C473FE17A}
		{3742EC0D-E54C-406D-BC7F-C3834EED41F8} = {716C8A31-EDC9-4F79-9E76-A90C473FE17A}
		{8D3719FC-8795-4DA5-8D51-FDFF67F93D71} = {716C8A31-EDC9-4F79-9E76-A90C473FE17A}
		{13F837FF-97D9-4050-BB8A-9DA7E72A80E1} = {716C8A31-EDC9-4F79-9E76-A90C473FE17A}
		{68F404E6-D525-4DDE-97C1-15467760E7BA} = {716C8A31-EDC9-4F79-9E76-A90C473FE17A}
		{F31736C4-7061-44E7-9A40-59DD76114DC2} = {716C8A31-EDC9-4F79-9E76-A90C473FE17A}
		{FDAB5A7F-4F74-4505-8A5B-E7D87B6851DF} = {716C8A31-EDC9-4F79-9E76-A90C473FE17A}
		{570F397A-E496-4C30-9268-12F33BAC44DF} = {716C8A31-EDC9-4F79-9E76-A90C473FE17A}
		{38C2744D-FC41-4097-A043-83CA6C482682} = {716C8A31-EDC9-4F79-9E76-A90C473FE17A}
		{934E55E2-C267-425B-9FE4-787D9371E07A} = {716C8A31-EDC9-4F79-9E76-A90C473FE17A}
		{A9C1B22A-9EC2-4317-9B35-08513F65C031} = {716C8A31-EDC9-4F79-9E76-A90C473FE17A}
		{EA474BFB-D6DA-46D2-93B6-E6FB24DC3BC7} = {716C8A31-EDC9-4F79-9E76-A90C473FE17A}
		{0A3DF8B6-8C18-4C43-B379-620A782763B1} = {716C8A31-EDC9-4F79-9E76-A90C473FE17A}
		{FC25B663-C509-49A2-A87E-68EC076E509A} = {716C8A31-EDC9-4F79-9E76-A90C473FE17A}
		{9AF9B72D-98AB-4C10-A58C-609E0629813D} = {716C8A31-EDC9-4F79-9E76-A90C473FE17A}
		{AE765511-1ED5-4FD9-8624-E197596F98BE} = {716C8A31-EDC9-4F79-9E76-A90C473FE17A}
		{CFD5BD7F-D34E-4979-AF38-DDEF4989C9F9} = {716C8A31-EDC9-4F79-9E76-A90C473FE17A}
		{5CAC3FBA-C052-46A9-9ACE-A9CDF00881FB} = {716C8A31-EDC9-4F79-9E76-A90C473FE17A}
		{FBF89689-0C33-4A8D-A63F-AA8589BC8D84} = {716C8A31-EDC9-4F79-9E76-A90C473FE17A}
		{487635C6-FBE1-49DA-8485-8D264D2E0235} = {716C8A31-EDC9-4F79-9E76-A90C473FE17A}
		{444492D9-BD55-4EF6-9696-B22D8B4D06B1} = {716C8A31-EDC9-4F79-9E76-A90C473FE17A}
		{F6E7042F-F6A1-45A1-924E-95148D358675} = {716C8A31-EDC9-4F79-9E76-A90C473FE17A}
		{889F2F2C-5E3F-4AC6-A0E8-0613B2CE1AA9} = {716C8A31-EDC9-4F79-9E76-A90C473FE17A}
		{3C700562-6D5A-48C4-857A-C604FE27FA01} = {716C8A31-EDC9-4F79-9E76-A90C473FE17A}
		{A9C7BABB-B031-48FE-A788-506E63ABE516} = {716C8A31-EDC9-4F79-9E76-A90C473FE17A}
		{931F4C28-EE49-49F5-B2EE-77BF7D4FA235} = {716C8A31-EDC9-4F79-9E76-A90C473FE17A}
		{B2F4A46C-DA12-450D-8CA5-D3877EF49E12} = {716C8A31-EDC9-4F79-9E76-A90C473FE17A}
		{31222CC1-1D60-474A-9D8C-0490679633CE} = {716C8A31-EDC9-4F79-9E76-A90C473FE17A}
		{A3B6BC4B-8D76-4863-8222-1C8422E70E9A} = {716C8A31-EDC9-4F79-9E76-A90C473FE17A}
		{242436E7-620B-4BA7-AC4B-25398664B697} = {716C8A31-EDC9-4F79-9E76-A90C473FE17A}
		{AB19BC53-A6B3-41CF-BB68-266AFEDE635E} = {716C8A31-EDC9-4F79-9E76-A90C473FE17A}
		{0EF15D62-21B6-4DDC-8344-865F3E51DF76} = {716C8A31-EDC9-4F79-9E76-A90C473FE17A}
		{05CC0983-8638-4769-93C7-7D240C441D8C} = {716C8A31-EDC9-4F79-9E76-A90C473FE17A}
		{8E9B1891-ECF1-4289-AC19-7238CBB1D8C6} = {716C8A31-EDC9-4F79-9E76-A90C473FE17A}
		{3BBC3111-1E8F-4DB6-9B4E-A1BD27A337A3} = {716C8A31-EDC9-4F79-9E76-A90C473FE17A}
		{87C9268C-9BEB-49D0-AC89-3F308EBCB320} = {716C8A31-EDC9-4F79-9E76-A90C473FE17A}
		{85CE319C-6130-413C-8037-7393E6C72041} = {716C8A31-EDC9-4F79-9E76-A90C473FE17A}
		{D121376F-D41B-4C85-AF05-D36F15B9CCFB} = {716C8A31-EDC9-4F79-9E76-A90C473FE17A}
		{A144F363-5457-473F-A2FC-4A5F89DAAD88} = {716C8A31-EDC9-4F79-9E76-A90C473FE17A}
		{30313595-4E99-406D-A3A4-005B011E44AE} = {716C8A31-EDC9-4F79-9E76-A90C473FE17A}
		{C145311B-3AC4-4128-BFC7-E92C28D293BB} = {716C8A31-EDC9-4F79-9E76-A90C473FE17A}
		{11DAEEE9-F7C8-492B-950A-0808C154D248} = {716C8A31-EDC9-4F79-9E76-A90C473FE17A}
		{3ABB38CD-2B2A-4933-9378-AFFE5488244F} = {716C8A31-EDC9-4F79-9E76-A90C473FE17A}
		{620024FC-A91F-40F5-9B04-B4318FD6668F} = {716C8A31-EDC9-4F79-9E76-A90C473FE17A}
		{33AA19B6-DEF5-4496-80E3-9A6D96911697} = {716C8A31-EDC9-4F79-9E76-A90C473FE17A}
		{DC6136B5-5CE7-48E1-8DA1-8B0266EF81CD} = {716C8A31-EDC9-4F79-9E76-A90C473FE17A}
		{49DF953F-71CE-4067-AF56-5242069F7625} = {716C8A31-EDC9-4F79-9E76-A90C473FE17A}
		{0DE7D048-B2AA-476B-968C-5DDB971658A9} = {716C8A31-EDC9-4F79-9E76-A90C473FE17A}
		{B68678AE-486D-4C77-A0CC-4F0618B26D8F} = {716C8A31-EDC9-4F79-9E76-A90C473FE17A}
		{C4D761E0-482E-4048-BF0C-B2A70DDDDF9D} = {716C8A31-EDC9-4F79-9E76-A90C473FE17A}
		{40C3CDA8-BE4F-4918-80C7-2F25CFBEB638} = {716C8A31-EDC9-4F79-9E76-A90C473FE17A}
		{2ED1E36B-3485-4FA9-A4EF-2A8BD067280F} = {716C8A31-EDC9-4F79-9E76-A90C473FE17A}
		{FF907CE8-7949-43EB-8D9A-F77824D37956} = {716C8A31-EDC9-4F79-9E76-A90C473FE17A}
		{F62A457F-04A1-45AC-9E9B-824B5366CEA6} = {716C8A31-EDC9-4F79-9E76-A90C473FE17A}
		{6A3300E3-797E-486E-88B3-96190A93F08C} = {716C8A31-EDC9-4F79-9E76-A90C473FE17A}
		{BD4691B2-4C7E-463A-8AFF-6B5E53CF20F5} = {716C8A31-EDC9-4F79-9E76-A90C473FE17A}
		{F6E7661A-09FC-456E-B4D9-2761836E3F63} = {716C8A31-EDC9-4F79-9E76-A90C473FE17A}
		{BA676AAD-CB1F-40D5-861F-06C8D6FB737C} = {716C8A31-EDC9-4F79-9E76-A90C473FE17A}
		{71411EAB-3994-4224-9D97-513332901D13} = {716C8A31-EDC9-4F79-9E76-A90C473FE17A}
		{65AA512F-6094-4BED-B65A-A4367FB96E63} = {716C8A31-EDC9-4F79-9E76-A90C473FE17A}
		{D2ED5D6C-030E-42E1-A423-00F287668D69} = {716C8A31-EDC9-4F79-9E76-A90C473FE17A}
		{C32BB284-FFA0-476B-A66E-FDFC31E116A5} = {716C8A31-EDC9-4F79-9E76-A90C473FE17A}
		{4629EEBB-91B9-4FFD-BD19-95CAC33D3358} = {716C8A31-EDC9-4F79-9E76-A90C473FE17A}
		{93427181-3B6D-47E4-86E0-8851456272B0} = {716C8A31-EDC9-4F79-9E76-A90C473FE17A}
		{2C57A6D8-EF85-497A-A83E-02B8273CD371} = {716C8A31-EDC9-4F79-9E76-A90C473FE17A}
		{44C44488-AA46-4166-AC1F-ADCD82B256A4} = {716C8A31-EDC9-4F79-9E76-A90C473FE17A}
		{81AD0A51-FEF9-4C8C-9262-7D11C60EFE7B} = {716C8A31-EDC9-4F79-9E76-A90C473FE17A}
		{20E142AA-3D6E-478D-8506-AA1B6A4B9703} = {716C8A31-EDC9-4F79-9E76-A90C473FE17A}
		{9B052744-6751-448C-806E-56416D821247} = {716C8A31-EDC9-4F79-9E76-A90C473FE17A}
		{53164D52-C9BB-4C07-B71B-FC7A1AF8CFBF} = {716C8A31-EDC9-4F79-9E76-A90C473FE17A}
		{C5D71C00-40AA-4CF4-A07A-530FEF58D1C2} = {716C8A31-EDC9-4F79-9E76-A90C473FE17A}
		{9E72FBC9-5C85-4798-BA3E-F97DB01D7ACE} = {716C8A31-EDC9-4F79-9E76-A90C473FE17A}
		{975DEB24-C842-4481-980B-2CB0749698DA} = {716C8A31-EDC9-4F79-9E76-A90C473FE17A}
		{A7BE90EF-F06E-4E92-8DCB-FDFC4460D50E} = {716C8A31-EDC9-4F79-9E76-A90C473FE17A}
		{89FC6023-70CD-4520-8CB2-1C17ABAF7B6B} = {716C8A31-EDC9-4F79-9E76-A90C473FE17A}
		{89B5F3D3-1829-4032-99EF-846E4176506D} = {716C8A31-EDC9-4F79-9E76-A90C473FE17A}
		{30C7C23B-D8A4-4DCA-A285-41AF4464FDAF} = {716C8A31-EDC9-4F79-9E76-A90C473FE17A}
		{243DC335-B368-435D-9D57-851DB2CBB20D} = {716C8A31-EDC9-4F79-9E76-A90C473FE17A}
		{5AAECF88-324A-4795-8123-D0560ADABB71} = {716C8A31-EDC9-4F79-9E76-A90C473FE17A}
	EndGlobalSection
	GlobalSection(SolutionConfigurationPlatforms) = preSolution
		Debug|Any CPU = Debug|Any CPU
		Release|Any CPU = Release|Any CPU
	EndGlobalSection
	GlobalSection(ProjectConfigurationPlatforms) = postSolution
		{2B093498-3296-4E74-8A02-3AA44C2EEF01}.Debug|Any CPU.ActiveCfg = Debug|Any CPU
		{2B093498-3296-4E74-8A02-3AA44C2EEF01}.Debug|Any CPU.Build.0 = Debug|Any CPU
		{2B093498-3296-4E74-8A02-3AA44C2EEF01}.Release|Any CPU.ActiveCfg = Release|Any CPU
		{2B093498-3296-4E74-8A02-3AA44C2EEF01}.Release|Any CPU.Build.0 = Release|Any CPU
		{C5EC72EB-6A0D-4EA8-B665-88CA7E14D5E3}.Debug|Any CPU.ActiveCfg = Debug|Any CPU
		{C5EC72EB-6A0D-4EA8-B665-88CA7E14D5E3}.Debug|Any CPU.Build.0 = Debug|Any CPU
		{C5EC72EB-6A0D-4EA8-B665-88CA7E14D5E3}.Release|Any CPU.ActiveCfg = Release|Any CPU
		{C5EC72EB-6A0D-4EA8-B665-88CA7E14D5E3}.Release|Any CPU.Build.0 = Release|Any CPU
		{B3D227EC-7075-49B7-A3AF-29661AA43B78}.Debug|Any CPU.ActiveCfg = Debug|Any CPU
		{B3D227EC-7075-49B7-A3AF-29661AA43B78}.Debug|Any CPU.Build.0 = Debug|Any CPU
		{B3D227EC-7075-49B7-A3AF-29661AA43B78}.Release|Any CPU.ActiveCfg = Release|Any CPU
		{B3D227EC-7075-49B7-A3AF-29661AA43B78}.Release|Any CPU.Build.0 = Release|Any CPU
		{2D181AEA-0179-40D2-B09C-CB5F0593CFA2}.Debug|Any CPU.ActiveCfg = Debug|Any CPU
		{2D181AEA-0179-40D2-B09C-CB5F0593CFA2}.Debug|Any CPU.Build.0 = Debug|Any CPU
		{2D181AEA-0179-40D2-B09C-CB5F0593CFA2}.Release|Any CPU.ActiveCfg = Release|Any CPU
		{2D181AEA-0179-40D2-B09C-CB5F0593CFA2}.Release|Any CPU.Build.0 = Release|Any CPU
		{659BEF13-A7BC-4068-A9EC-AFE04BB3E373}.Debug|Any CPU.ActiveCfg = Debug|Any CPU
		{659BEF13-A7BC-4068-A9EC-AFE04BB3E373}.Debug|Any CPU.Build.0 = Debug|Any CPU
		{659BEF13-A7BC-4068-A9EC-AFE04BB3E373}.Release|Any CPU.ActiveCfg = Release|Any CPU
		{659BEF13-A7BC-4068-A9EC-AFE04BB3E373}.Release|Any CPU.Build.0 = Release|Any CPU
		{619F7DB9-D9FE-4B0C-A008-796F15753964}.Debug|Any CPU.ActiveCfg = Debug|Any CPU
		{619F7DB9-D9FE-4B0C-A008-796F15753964}.Debug|Any CPU.Build.0 = Debug|Any CPU
		{619F7DB9-D9FE-4B0C-A008-796F15753964}.Release|Any CPU.ActiveCfg = Release|Any CPU
		{619F7DB9-D9FE-4B0C-A008-796F15753964}.Release|Any CPU.Build.0 = Release|Any CPU
		{029A04F9-0083-4F09-8B54-1C39CA78F5ED}.Debug|Any CPU.ActiveCfg = Debug|Any CPU
		{029A04F9-0083-4F09-8B54-1C39CA78F5ED}.Debug|Any CPU.Build.0 = Debug|Any CPU
		{029A04F9-0083-4F09-8B54-1C39CA78F5ED}.Release|Any CPU.ActiveCfg = Release|Any CPU
		{029A04F9-0083-4F09-8B54-1C39CA78F5ED}.Release|Any CPU.Build.0 = Release|Any CPU
		{4C0D780E-6D21-49C0-A346-88BCDE7782D7}.Debug|Any CPU.ActiveCfg = Debug|Any CPU
		{4C0D780E-6D21-49C0-A346-88BCDE7782D7}.Debug|Any CPU.Build.0 = Debug|Any CPU
		{4C0D780E-6D21-49C0-A346-88BCDE7782D7}.Release|Any CPU.ActiveCfg = Release|Any CPU
		{4C0D780E-6D21-49C0-A346-88BCDE7782D7}.Release|Any CPU.Build.0 = Release|Any CPU
		{0E206154-BE83-49F9-B428-05641B25F8AA}.Debug|Any CPU.ActiveCfg = Debug|Any CPU
		{0E206154-BE83-49F9-B428-05641B25F8AA}.Debug|Any CPU.Build.0 = Debug|Any CPU
		{0E206154-BE83-49F9-B428-05641B25F8AA}.Release|Any CPU.ActiveCfg = Release|Any CPU
		{0E206154-BE83-49F9-B428-05641B25F8AA}.Release|Any CPU.Build.0 = Release|Any CPU
		{D001E10B-CCD9-4284-96FB-16B30D260333}.Debug|Any CPU.ActiveCfg = Debug|Any CPU
		{D001E10B-CCD9-4284-96FB-16B30D260333}.Debug|Any CPU.Build.0 = Debug|Any CPU
		{D001E10B-CCD9-4284-96FB-16B30D260333}.Release|Any CPU.ActiveCfg = Release|Any CPU
		{D001E10B-CCD9-4284-96FB-16B30D260333}.Release|Any CPU.Build.0 = Release|Any CPU
		{5AC5A0B8-456C-47B8-A7D7-AE905848CA7F}.Debug|Any CPU.ActiveCfg = Debug|Any CPU
		{5AC5A0B8-456C-47B8-A7D7-AE905848CA7F}.Debug|Any CPU.Build.0 = Debug|Any CPU
		{5AC5A0B8-456C-47B8-A7D7-AE905848CA7F}.Release|Any CPU.ActiveCfg = Release|Any CPU
		{5AC5A0B8-456C-47B8-A7D7-AE905848CA7F}.Release|Any CPU.Build.0 = Release|Any CPU
		{6A9AECDD-22FF-408E-ACC6-0311D4AB89A0}.Debug|Any CPU.ActiveCfg = Debug|Any CPU
		{6A9AECDD-22FF-408E-ACC6-0311D4AB89A0}.Debug|Any CPU.Build.0 = Debug|Any CPU
		{6A9AECDD-22FF-408E-ACC6-0311D4AB89A0}.Release|Any CPU.ActiveCfg = Release|Any CPU
		{6A9AECDD-22FF-408E-ACC6-0311D4AB89A0}.Release|Any CPU.Build.0 = Release|Any CPU
		{58112B99-841D-4E7B-847D-FD6E68DD6ADD}.Debug|Any CPU.ActiveCfg = Debug|Any CPU
		{58112B99-841D-4E7B-847D-FD6E68DD6ADD}.Debug|Any CPU.Build.0 = Debug|Any CPU
		{58112B99-841D-4E7B-847D-FD6E68DD6ADD}.Release|Any CPU.ActiveCfg = Release|Any CPU
		{58112B99-841D-4E7B-847D-FD6E68DD6ADD}.Release|Any CPU.Build.0 = Release|Any CPU
		{9C572F0E-7CC6-4A28-AADE-0ED8E61DA1AD}.Debug|Any CPU.ActiveCfg = Debug|Any CPU
		{9C572F0E-7CC6-4A28-AADE-0ED8E61DA1AD}.Debug|Any CPU.Build.0 = Debug|Any CPU
		{9C572F0E-7CC6-4A28-AADE-0ED8E61DA1AD}.Release|Any CPU.ActiveCfg = Release|Any CPU
		{9C572F0E-7CC6-4A28-AADE-0ED8E61DA1AD}.Release|Any CPU.Build.0 = Release|Any CPU
		{9261CE8A-64A6-4059-80F9-F649119E35E1}.Debug|Any CPU.ActiveCfg = Debug|Any CPU
		{9261CE8A-64A6-4059-80F9-F649119E35E1}.Debug|Any CPU.Build.0 = Debug|Any CPU
		{9261CE8A-64A6-4059-80F9-F649119E35E1}.Release|Any CPU.ActiveCfg = Release|Any CPU
		{9261CE8A-64A6-4059-80F9-F649119E35E1}.Release|Any CPU.Build.0 = Release|Any CPU
		{FEE4C15D-60AB-4769-B532-8BCBF1224501}.Debug|Any CPU.ActiveCfg = Debug|Any CPU
		{FEE4C15D-60AB-4769-B532-8BCBF1224501}.Debug|Any CPU.Build.0 = Debug|Any CPU
		{FEE4C15D-60AB-4769-B532-8BCBF1224501}.Release|Any CPU.ActiveCfg = Release|Any CPU
		{FEE4C15D-60AB-4769-B532-8BCBF1224501}.Release|Any CPU.Build.0 = Release|Any CPU
		{79100408-C1E7-4378-A5A7-BF763E1FBF2B}.Debug|Any CPU.ActiveCfg = Debug|Any CPU
		{79100408-C1E7-4378-A5A7-BF763E1FBF2B}.Debug|Any CPU.Build.0 = Debug|Any CPU
		{79100408-C1E7-4378-A5A7-BF763E1FBF2B}.Release|Any CPU.ActiveCfg = Release|Any CPU
		{79100408-C1E7-4378-A5A7-BF763E1FBF2B}.Release|Any CPU.Build.0 = Release|Any CPU
		{78C01849-7B39-4EFE-B6ED-A274A7D48C97}.Debug|Any CPU.ActiveCfg = Debug|Any CPU
		{78C01849-7B39-4EFE-B6ED-A274A7D48C97}.Debug|Any CPU.Build.0 = Debug|Any CPU
		{78C01849-7B39-4EFE-B6ED-A274A7D48C97}.Release|Any CPU.ActiveCfg = Release|Any CPU
		{78C01849-7B39-4EFE-B6ED-A274A7D48C97}.Release|Any CPU.Build.0 = Release|Any CPU
		{13591B59-D800-4847-9C0D-DDD7C3AFEE70}.Debug|Any CPU.ActiveCfg = Debug|Any CPU
		{13591B59-D800-4847-9C0D-DDD7C3AFEE70}.Debug|Any CPU.Build.0 = Debug|Any CPU
		{13591B59-D800-4847-9C0D-DDD7C3AFEE70}.Release|Any CPU.ActiveCfg = Release|Any CPU
		{13591B59-D800-4847-9C0D-DDD7C3AFEE70}.Release|Any CPU.Build.0 = Release|Any CPU
		{01A713AD-F28C-464A-82EF-7D2EA2B91F8E}.Debug|Any CPU.ActiveCfg = Debug|Any CPU
		{01A713AD-F28C-464A-82EF-7D2EA2B91F8E}.Debug|Any CPU.Build.0 = Debug|Any CPU
		{01A713AD-F28C-464A-82EF-7D2EA2B91F8E}.Release|Any CPU.ActiveCfg = Release|Any CPU
		{01A713AD-F28C-464A-82EF-7D2EA2B91F8E}.Release|Any CPU.Build.0 = Release|Any CPU
		{140B05A8-D73B-4D0B-A329-A6CAD1BDCD57}.Debug|Any CPU.ActiveCfg = Debug|Any CPU
		{140B05A8-D73B-4D0B-A329-A6CAD1BDCD57}.Debug|Any CPU.Build.0 = Debug|Any CPU
		{140B05A8-D73B-4D0B-A329-A6CAD1BDCD57}.Release|Any CPU.ActiveCfg = Release|Any CPU
		{140B05A8-D73B-4D0B-A329-A6CAD1BDCD57}.Release|Any CPU.Build.0 = Release|Any CPU
		{482BB4E4-6FBE-474F-9AB0-046E6EA93516}.Debug|Any CPU.ActiveCfg = Debug|Any CPU
		{482BB4E4-6FBE-474F-9AB0-046E6EA93516}.Debug|Any CPU.Build.0 = Debug|Any CPU
		{482BB4E4-6FBE-474F-9AB0-046E6EA93516}.Release|Any CPU.ActiveCfg = Release|Any CPU
		{482BB4E4-6FBE-474F-9AB0-046E6EA93516}.Release|Any CPU.Build.0 = Release|Any CPU
		{283DD18A-AF94-4FC5-B5C1-D3F153D93395}.Debug|Any CPU.ActiveCfg = Debug|Any CPU
		{283DD18A-AF94-4FC5-B5C1-D3F153D93395}.Debug|Any CPU.Build.0 = Debug|Any CPU
		{283DD18A-AF94-4FC5-B5C1-D3F153D93395}.Release|Any CPU.ActiveCfg = Release|Any CPU
		{283DD18A-AF94-4FC5-B5C1-D3F153D93395}.Release|Any CPU.Build.0 = Release|Any CPU
		{0FE46944-7616-4595-BF8C-B361269F1BDF}.Debug|Any CPU.ActiveCfg = Debug|Any CPU
		{0FE46944-7616-4595-BF8C-B361269F1BDF}.Debug|Any CPU.Build.0 = Debug|Any CPU
		{0FE46944-7616-4595-BF8C-B361269F1BDF}.Release|Any CPU.ActiveCfg = Release|Any CPU
		{0FE46944-7616-4595-BF8C-B361269F1BDF}.Release|Any CPU.Build.0 = Release|Any CPU
		{3997BE41-53B4-4868-8CF8-6697AA932372}.Debug|Any CPU.ActiveCfg = Debug|Any CPU
		{3997BE41-53B4-4868-8CF8-6697AA932372}.Debug|Any CPU.Build.0 = Debug|Any CPU
		{3997BE41-53B4-4868-8CF8-6697AA932372}.Release|Any CPU.ActiveCfg = Release|Any CPU
		{3997BE41-53B4-4868-8CF8-6697AA932372}.Release|Any CPU.Build.0 = Release|Any CPU
		{CCB39E61-C00A-429C-9638-495FD470675F}.Debug|Any CPU.ActiveCfg = Debug|Any CPU
		{CCB39E61-C00A-429C-9638-495FD470675F}.Debug|Any CPU.Build.0 = Debug|Any CPU
		{CCB39E61-C00A-429C-9638-495FD470675F}.Release|Any CPU.ActiveCfg = Release|Any CPU
		{CCB39E61-C00A-429C-9638-495FD470675F}.Release|Any CPU.Build.0 = Release|Any CPU
		{20AF40D9-C15E-46CA-B655-0F89BD3B5DE4}.Debug|Any CPU.ActiveCfg = Debug|Any CPU
		{20AF40D9-C15E-46CA-B655-0F89BD3B5DE4}.Debug|Any CPU.Build.0 = Debug|Any CPU
		{20AF40D9-C15E-46CA-B655-0F89BD3B5DE4}.Release|Any CPU.ActiveCfg = Release|Any CPU
		{20AF40D9-C15E-46CA-B655-0F89BD3B5DE4}.Release|Any CPU.Build.0 = Release|Any CPU
		{B5192CBA-B559-47A1-AC6D-9FFE244DC87C}.Debug|Any CPU.ActiveCfg = Debug|Any CPU
		{B5192CBA-B559-47A1-AC6D-9FFE244DC87C}.Debug|Any CPU.Build.0 = Debug|Any CPU
		{B5192CBA-B559-47A1-AC6D-9FFE244DC87C}.Release|Any CPU.ActiveCfg = Release|Any CPU
		{B5192CBA-B559-47A1-AC6D-9FFE244DC87C}.Release|Any CPU.Build.0 = Release|Any CPU
		{7C5DECD4-1BD2-4130-970A-DCA53C253ED7}.Debug|Any CPU.ActiveCfg = Debug|Any CPU
		{7C5DECD4-1BD2-4130-970A-DCA53C253ED7}.Debug|Any CPU.Build.0 = Debug|Any CPU
		{7C5DECD4-1BD2-4130-970A-DCA53C253ED7}.Release|Any CPU.ActiveCfg = Release|Any CPU
		{7C5DECD4-1BD2-4130-970A-DCA53C253ED7}.Release|Any CPU.Build.0 = Release|Any CPU
		{F8FA64A5-91AC-4F54-9407-078FAEA098DC}.Debug|Any CPU.ActiveCfg = Debug|Any CPU
		{F8FA64A5-91AC-4F54-9407-078FAEA098DC}.Debug|Any CPU.Build.0 = Debug|Any CPU
		{F8FA64A5-91AC-4F54-9407-078FAEA098DC}.Release|Any CPU.ActiveCfg = Release|Any CPU
		{F8FA64A5-91AC-4F54-9407-078FAEA098DC}.Release|Any CPU.Build.0 = Release|Any CPU
		{3742EC0D-E54C-406D-BC7F-C3834EED41F8}.Debug|Any CPU.ActiveCfg = Debug|Any CPU
		{3742EC0D-E54C-406D-BC7F-C3834EED41F8}.Debug|Any CPU.Build.0 = Debug|Any CPU
		{3742EC0D-E54C-406D-BC7F-C3834EED41F8}.Release|Any CPU.ActiveCfg = Release|Any CPU
		{3742EC0D-E54C-406D-BC7F-C3834EED41F8}.Release|Any CPU.Build.0 = Release|Any CPU
		{8D3719FC-8795-4DA5-8D51-FDFF67F93D71}.Debug|Any CPU.ActiveCfg = Debug|Any CPU
		{8D3719FC-8795-4DA5-8D51-FDFF67F93D71}.Debug|Any CPU.Build.0 = Debug|Any CPU
		{8D3719FC-8795-4DA5-8D51-FDFF67F93D71}.Release|Any CPU.ActiveCfg = Release|Any CPU
		{8D3719FC-8795-4DA5-8D51-FDFF67F93D71}.Release|Any CPU.Build.0 = Release|Any CPU
		{13F837FF-97D9-4050-BB8A-9DA7E72A80E1}.Debug|Any CPU.ActiveCfg = Debug|Any CPU
		{13F837FF-97D9-4050-BB8A-9DA7E72A80E1}.Debug|Any CPU.Build.0 = Debug|Any CPU
		{13F837FF-97D9-4050-BB8A-9DA7E72A80E1}.Release|Any CPU.ActiveCfg = Release|Any CPU
		{13F837FF-97D9-4050-BB8A-9DA7E72A80E1}.Release|Any CPU.Build.0 = Release|Any CPU
		{68F404E6-D525-4DDE-97C1-15467760E7BA}.Debug|Any CPU.ActiveCfg = Debug|Any CPU
		{68F404E6-D525-4DDE-97C1-15467760E7BA}.Debug|Any CPU.Build.0 = Debug|Any CPU
		{68F404E6-D525-4DDE-97C1-15467760E7BA}.Release|Any CPU.ActiveCfg = Release|Any CPU
		{68F404E6-D525-4DDE-97C1-15467760E7BA}.Release|Any CPU.Build.0 = Release|Any CPU
		{F31736C4-7061-44E7-9A40-59DD76114DC2}.Debug|Any CPU.ActiveCfg = Debug|Any CPU
		{F31736C4-7061-44E7-9A40-59DD76114DC2}.Debug|Any CPU.Build.0 = Debug|Any CPU
		{F31736C4-7061-44E7-9A40-59DD76114DC2}.Release|Any CPU.ActiveCfg = Release|Any CPU
		{F31736C4-7061-44E7-9A40-59DD76114DC2}.Release|Any CPU.Build.0 = Release|Any CPU
		{FDAB5A7F-4F74-4505-8A5B-E7D87B6851DF}.Debug|Any CPU.ActiveCfg = Debug|Any CPU
		{FDAB5A7F-4F74-4505-8A5B-E7D87B6851DF}.Debug|Any CPU.Build.0 = Debug|Any CPU
		{FDAB5A7F-4F74-4505-8A5B-E7D87B6851DF}.Release|Any CPU.ActiveCfg = Release|Any CPU
		{FDAB5A7F-4F74-4505-8A5B-E7D87B6851DF}.Release|Any CPU.Build.0 = Release|Any CPU
		{570F397A-E496-4C30-9268-12F33BAC44DF}.Debug|Any CPU.ActiveCfg = Debug|Any CPU
		{570F397A-E496-4C30-9268-12F33BAC44DF}.Debug|Any CPU.Build.0 = Debug|Any CPU
		{570F397A-E496-4C30-9268-12F33BAC44DF}.Release|Any CPU.ActiveCfg = Release|Any CPU
		{570F397A-E496-4C30-9268-12F33BAC44DF}.Release|Any CPU.Build.0 = Release|Any CPU
		{38C2744D-FC41-4097-A043-83CA6C482682}.Debug|Any CPU.ActiveCfg = Debug|Any CPU
		{38C2744D-FC41-4097-A043-83CA6C482682}.Debug|Any CPU.Build.0 = Debug|Any CPU
		{38C2744D-FC41-4097-A043-83CA6C482682}.Release|Any CPU.ActiveCfg = Release|Any CPU
		{38C2744D-FC41-4097-A043-83CA6C482682}.Release|Any CPU.Build.0 = Release|Any CPU
		{934E55E2-C267-425B-9FE4-787D9371E07A}.Debug|Any CPU.ActiveCfg = Debug|Any CPU
		{934E55E2-C267-425B-9FE4-787D9371E07A}.Debug|Any CPU.Build.0 = Debug|Any CPU
		{934E55E2-C267-425B-9FE4-787D9371E07A}.Release|Any CPU.ActiveCfg = Release|Any CPU
		{934E55E2-C267-425B-9FE4-787D9371E07A}.Release|Any CPU.Build.0 = Release|Any CPU
		{A9C1B22A-9EC2-4317-9B35-08513F65C031}.Debug|Any CPU.ActiveCfg = Debug|Any CPU
		{A9C1B22A-9EC2-4317-9B35-08513F65C031}.Debug|Any CPU.Build.0 = Debug|Any CPU
		{A9C1B22A-9EC2-4317-9B35-08513F65C031}.Release|Any CPU.ActiveCfg = Release|Any CPU
		{A9C1B22A-9EC2-4317-9B35-08513F65C031}.Release|Any CPU.Build.0 = Release|Any CPU
		{EA474BFB-D6DA-46D2-93B6-E6FB24DC3BC7}.Debug|Any CPU.ActiveCfg = Debug|Any CPU
		{EA474BFB-D6DA-46D2-93B6-E6FB24DC3BC7}.Debug|Any CPU.Build.0 = Debug|Any CPU
		{EA474BFB-D6DA-46D2-93B6-E6FB24DC3BC7}.Release|Any CPU.ActiveCfg = Release|Any CPU
		{EA474BFB-D6DA-46D2-93B6-E6FB24DC3BC7}.Release|Any CPU.Build.0 = Release|Any CPU
		{0A3DF8B6-8C18-4C43-B379-620A782763B1}.Debug|Any CPU.ActiveCfg = Debug|Any CPU
		{0A3DF8B6-8C18-4C43-B379-620A782763B1}.Debug|Any CPU.Build.0 = Debug|Any CPU
		{0A3DF8B6-8C18-4C43-B379-620A782763B1}.Release|Any CPU.ActiveCfg = Release|Any CPU
		{0A3DF8B6-8C18-4C43-B379-620A782763B1}.Release|Any CPU.Build.0 = Release|Any CPU
		{FC25B663-C509-49A2-A87E-68EC076E509A}.Debug|Any CPU.ActiveCfg = Debug|Any CPU
		{FC25B663-C509-49A2-A87E-68EC076E509A}.Debug|Any CPU.Build.0 = Debug|Any CPU
		{FC25B663-C509-49A2-A87E-68EC076E509A}.Release|Any CPU.ActiveCfg = Release|Any CPU
		{FC25B663-C509-49A2-A87E-68EC076E509A}.Release|Any CPU.Build.0 = Release|Any CPU
		{9AF9B72D-98AB-4C10-A58C-609E0629813D}.Debug|Any CPU.ActiveCfg = Debug|Any CPU
		{9AF9B72D-98AB-4C10-A58C-609E0629813D}.Debug|Any CPU.Build.0 = Debug|Any CPU
		{9AF9B72D-98AB-4C10-A58C-609E0629813D}.Release|Any CPU.ActiveCfg = Release|Any CPU
		{9AF9B72D-98AB-4C10-A58C-609E0629813D}.Release|Any CPU.Build.0 = Release|Any CPU
		{AE765511-1ED5-4FD9-8624-E197596F98BE}.Debug|Any CPU.ActiveCfg = Debug|Any CPU
		{AE765511-1ED5-4FD9-8624-E197596F98BE}.Debug|Any CPU.Build.0 = Debug|Any CPU
		{AE765511-1ED5-4FD9-8624-E197596F98BE}.Release|Any CPU.ActiveCfg = Release|Any CPU
		{AE765511-1ED5-4FD9-8624-E197596F98BE}.Release|Any CPU.Build.0 = Release|Any CPU
		{CFD5BD7F-D34E-4979-AF38-DDEF4989C9F9}.Debug|Any CPU.ActiveCfg = Debug|Any CPU
		{CFD5BD7F-D34E-4979-AF38-DDEF4989C9F9}.Debug|Any CPU.Build.0 = Debug|Any CPU
		{CFD5BD7F-D34E-4979-AF38-DDEF4989C9F9}.Release|Any CPU.ActiveCfg = Release|Any CPU
		{CFD5BD7F-D34E-4979-AF38-DDEF4989C9F9}.Release|Any CPU.Build.0 = Release|Any CPU
		{5CAC3FBA-C052-46A9-9ACE-A9CDF00881FB}.Debug|Any CPU.ActiveCfg = Debug|Any CPU
		{5CAC3FBA-C052-46A9-9ACE-A9CDF00881FB}.Debug|Any CPU.Build.0 = Debug|Any CPU
		{5CAC3FBA-C052-46A9-9ACE-A9CDF00881FB}.Release|Any CPU.ActiveCfg = Release|Any CPU
		{5CAC3FBA-C052-46A9-9ACE-A9CDF00881FB}.Release|Any CPU.Build.0 = Release|Any CPU
		{FBF89689-0C33-4A8D-A63F-AA8589BC8D84}.Debug|Any CPU.ActiveCfg = Debug|Any CPU
		{FBF89689-0C33-4A8D-A63F-AA8589BC8D84}.Debug|Any CPU.Build.0 = Debug|Any CPU
		{FBF89689-0C33-4A8D-A63F-AA8589BC8D84}.Release|Any CPU.ActiveCfg = Release|Any CPU
		{FBF89689-0C33-4A8D-A63F-AA8589BC8D84}.Release|Any CPU.Build.0 = Release|Any CPU
		{487635C6-FBE1-49DA-8485-8D264D2E0235}.Debug|Any CPU.ActiveCfg = Debug|Any CPU
		{487635C6-FBE1-49DA-8485-8D264D2E0235}.Debug|Any CPU.Build.0 = Debug|Any CPU
		{487635C6-FBE1-49DA-8485-8D264D2E0235}.Release|Any CPU.ActiveCfg = Release|Any CPU
		{487635C6-FBE1-49DA-8485-8D264D2E0235}.Release|Any CPU.Build.0 = Release|Any CPU
		{444492D9-BD55-4EF6-9696-B22D8B4D06B1}.Debug|Any CPU.ActiveCfg = Debug|Any CPU
		{444492D9-BD55-4EF6-9696-B22D8B4D06B1}.Debug|Any CPU.Build.0 = Debug|Any CPU
		{444492D9-BD55-4EF6-9696-B22D8B4D06B1}.Release|Any CPU.ActiveCfg = Release|Any CPU
		{444492D9-BD55-4EF6-9696-B22D8B4D06B1}.Release|Any CPU.Build.0 = Release|Any CPU
		{F6E7042F-F6A1-45A1-924E-95148D358675}.Debug|Any CPU.ActiveCfg = Debug|Any CPU
		{F6E7042F-F6A1-45A1-924E-95148D358675}.Debug|Any CPU.Build.0 = Debug|Any CPU
		{F6E7042F-F6A1-45A1-924E-95148D358675}.Release|Any CPU.ActiveCfg = Release|Any CPU
		{F6E7042F-F6A1-45A1-924E-95148D358675}.Release|Any CPU.Build.0 = Release|Any CPU
		{889F2F2C-5E3F-4AC6-A0E8-0613B2CE1AA9}.Debug|Any CPU.ActiveCfg = Debug|Any CPU
		{889F2F2C-5E3F-4AC6-A0E8-0613B2CE1AA9}.Debug|Any CPU.Build.0 = Debug|Any CPU
		{889F2F2C-5E3F-4AC6-A0E8-0613B2CE1AA9}.Release|Any CPU.ActiveCfg = Release|Any CPU
		{889F2F2C-5E3F-4AC6-A0E8-0613B2CE1AA9}.Release|Any CPU.Build.0 = Release|Any CPU
		{3C700562-6D5A-48C4-857A-C604FE27FA01}.Debug|Any CPU.ActiveCfg = Debug|Any CPU
		{3C700562-6D5A-48C4-857A-C604FE27FA01}.Debug|Any CPU.Build.0 = Debug|Any CPU
		{3C700562-6D5A-48C4-857A-C604FE27FA01}.Release|Any CPU.ActiveCfg = Release|Any CPU
		{3C700562-6D5A-48C4-857A-C604FE27FA01}.Release|Any CPU.Build.0 = Release|Any CPU
		{A9C7BABB-B031-48FE-A788-506E63ABE516}.Debug|Any CPU.ActiveCfg = Debug|Any CPU
		{A9C7BABB-B031-48FE-A788-506E63ABE516}.Debug|Any CPU.Build.0 = Debug|Any CPU
		{A9C7BABB-B031-48FE-A788-506E63ABE516}.Release|Any CPU.ActiveCfg = Release|Any CPU
		{A9C7BABB-B031-48FE-A788-506E63ABE516}.Release|Any CPU.Build.0 = Release|Any CPU
		{931F4C28-EE49-49F5-B2EE-77BF7D4FA235}.Debug|Any CPU.ActiveCfg = Debug|Any CPU
		{931F4C28-EE49-49F5-B2EE-77BF7D4FA235}.Debug|Any CPU.Build.0 = Debug|Any CPU
		{931F4C28-EE49-49F5-B2EE-77BF7D4FA235}.Release|Any CPU.ActiveCfg = Release|Any CPU
		{931F4C28-EE49-49F5-B2EE-77BF7D4FA235}.Release|Any CPU.Build.0 = Release|Any CPU
		{B2F4A46C-DA12-450D-8CA5-D3877EF49E12}.Debug|Any CPU.ActiveCfg = Debug|Any CPU
		{B2F4A46C-DA12-450D-8CA5-D3877EF49E12}.Debug|Any CPU.Build.0 = Debug|Any CPU
		{B2F4A46C-DA12-450D-8CA5-D3877EF49E12}.Release|Any CPU.ActiveCfg = Release|Any CPU
		{B2F4A46C-DA12-450D-8CA5-D3877EF49E12}.Release|Any CPU.Build.0 = Release|Any CPU
		{31222CC1-1D60-474A-9D8C-0490679633CE}.Debug|Any CPU.ActiveCfg = Debug|Any CPU
		{31222CC1-1D60-474A-9D8C-0490679633CE}.Debug|Any CPU.Build.0 = Debug|Any CPU
		{31222CC1-1D60-474A-9D8C-0490679633CE}.Release|Any CPU.ActiveCfg = Release|Any CPU
		{31222CC1-1D60-474A-9D8C-0490679633CE}.Release|Any CPU.Build.0 = Release|Any CPU
		{A3B6BC4B-8D76-4863-8222-1C8422E70E9A}.Debug|Any CPU.ActiveCfg = Debug|Any CPU
		{A3B6BC4B-8D76-4863-8222-1C8422E70E9A}.Debug|Any CPU.Build.0 = Debug|Any CPU
		{A3B6BC4B-8D76-4863-8222-1C8422E70E9A}.Release|Any CPU.ActiveCfg = Release|Any CPU
		{A3B6BC4B-8D76-4863-8222-1C8422E70E9A}.Release|Any CPU.Build.0 = Release|Any CPU
		{242436E7-620B-4BA7-AC4B-25398664B697}.Debug|Any CPU.ActiveCfg = Debug|Any CPU
		{242436E7-620B-4BA7-AC4B-25398664B697}.Debug|Any CPU.Build.0 = Debug|Any CPU
		{242436E7-620B-4BA7-AC4B-25398664B697}.Release|Any CPU.ActiveCfg = Release|Any CPU
		{242436E7-620B-4BA7-AC4B-25398664B697}.Release|Any CPU.Build.0 = Release|Any CPU
		{AB19BC53-A6B3-41CF-BB68-266AFEDE635E}.Debug|Any CPU.ActiveCfg = Debug|Any CPU
		{AB19BC53-A6B3-41CF-BB68-266AFEDE635E}.Debug|Any CPU.Build.0 = Debug|Any CPU
		{AB19BC53-A6B3-41CF-BB68-266AFEDE635E}.Release|Any CPU.ActiveCfg = Release|Any CPU
		{AB19BC53-A6B3-41CF-BB68-266AFEDE635E}.Release|Any CPU.Build.0 = Release|Any CPU
		{0EF15D62-21B6-4DDC-8344-865F3E51DF76}.Debug|Any CPU.ActiveCfg = Debug|Any CPU
		{0EF15D62-21B6-4DDC-8344-865F3E51DF76}.Debug|Any CPU.Build.0 = Debug|Any CPU
		{0EF15D62-21B6-4DDC-8344-865F3E51DF76}.Release|Any CPU.ActiveCfg = Release|Any CPU
		{0EF15D62-21B6-4DDC-8344-865F3E51DF76}.Release|Any CPU.Build.0 = Release|Any CPU
		{05CC0983-8638-4769-93C7-7D240C441D8C}.Debug|Any CPU.ActiveCfg = Debug|Any CPU
		{05CC0983-8638-4769-93C7-7D240C441D8C}.Debug|Any CPU.Build.0 = Debug|Any CPU
		{05CC0983-8638-4769-93C7-7D240C441D8C}.Release|Any CPU.ActiveCfg = Release|Any CPU
		{05CC0983-8638-4769-93C7-7D240C441D8C}.Release|Any CPU.Build.0 = Release|Any CPU
		{8E9B1891-ECF1-4289-AC19-7238CBB1D8C6}.Debug|Any CPU.ActiveCfg = Debug|Any CPU
		{8E9B1891-ECF1-4289-AC19-7238CBB1D8C6}.Debug|Any CPU.Build.0 = Debug|Any CPU
		{8E9B1891-ECF1-4289-AC19-7238CBB1D8C6}.Release|Any CPU.ActiveCfg = Release|Any CPU
		{8E9B1891-ECF1-4289-AC19-7238CBB1D8C6}.Release|Any CPU.Build.0 = Release|Any CPU
		{3BBC3111-1E8F-4DB6-9B4E-A1BD27A337A3}.Debug|Any CPU.ActiveCfg = Debug|Any CPU
		{3BBC3111-1E8F-4DB6-9B4E-A1BD27A337A3}.Debug|Any CPU.Build.0 = Debug|Any CPU
		{3BBC3111-1E8F-4DB6-9B4E-A1BD27A337A3}.Release|Any CPU.ActiveCfg = Release|Any CPU
		{3BBC3111-1E8F-4DB6-9B4E-A1BD27A337A3}.Release|Any CPU.Build.0 = Release|Any CPU
		{87C9268C-9BEB-49D0-AC89-3F308EBCB320}.Debug|Any CPU.ActiveCfg = Debug|Any CPU
		{87C9268C-9BEB-49D0-AC89-3F308EBCB320}.Debug|Any CPU.Build.0 = Debug|Any CPU
		{87C9268C-9BEB-49D0-AC89-3F308EBCB320}.Release|Any CPU.ActiveCfg = Release|Any CPU
		{87C9268C-9BEB-49D0-AC89-3F308EBCB320}.Release|Any CPU.Build.0 = Release|Any CPU
		{85CE319C-6130-413C-8037-7393E6C72041}.Debug|Any CPU.ActiveCfg = Debug|Any CPU
		{85CE319C-6130-413C-8037-7393E6C72041}.Debug|Any CPU.Build.0 = Debug|Any CPU
		{85CE319C-6130-413C-8037-7393E6C72041}.Release|Any CPU.ActiveCfg = Release|Any CPU
		{85CE319C-6130-413C-8037-7393E6C72041}.Release|Any CPU.Build.0 = Release|Any CPU
		{D121376F-D41B-4C85-AF05-D36F15B9CCFB}.Debug|Any CPU.ActiveCfg = Debug|Any CPU
		{D121376F-D41B-4C85-AF05-D36F15B9CCFB}.Debug|Any CPU.Build.0 = Debug|Any CPU
		{D121376F-D41B-4C85-AF05-D36F15B9CCFB}.Release|Any CPU.ActiveCfg = Release|Any CPU
		{D121376F-D41B-4C85-AF05-D36F15B9CCFB}.Release|Any CPU.Build.0 = Release|Any CPU
		{A144F363-5457-473F-A2FC-4A5F89DAAD88}.Debug|Any CPU.ActiveCfg = Debug|Any CPU
		{A144F363-5457-473F-A2FC-4A5F89DAAD88}.Debug|Any CPU.Build.0 = Debug|Any CPU
		{A144F363-5457-473F-A2FC-4A5F89DAAD88}.Release|Any CPU.ActiveCfg = Release|Any CPU
		{A144F363-5457-473F-A2FC-4A5F89DAAD88}.Release|Any CPU.Build.0 = Release|Any CPU
		{30313595-4E99-406D-A3A4-005B011E44AE}.Debug|Any CPU.ActiveCfg = Debug|Any CPU
		{30313595-4E99-406D-A3A4-005B011E44AE}.Debug|Any CPU.Build.0 = Debug|Any CPU
		{30313595-4E99-406D-A3A4-005B011E44AE}.Release|Any CPU.ActiveCfg = Release|Any CPU
		{30313595-4E99-406D-A3A4-005B011E44AE}.Release|Any CPU.Build.0 = Release|Any CPU
		{C145311B-3AC4-4128-BFC7-E92C28D293BB}.Debug|Any CPU.ActiveCfg = Debug|Any CPU
		{C145311B-3AC4-4128-BFC7-E92C28D293BB}.Debug|Any CPU.Build.0 = Debug|Any CPU
		{C145311B-3AC4-4128-BFC7-E92C28D293BB}.Release|Any CPU.ActiveCfg = Release|Any CPU
		{C145311B-3AC4-4128-BFC7-E92C28D293BB}.Release|Any CPU.Build.0 = Release|Any CPU
		{11DAEEE9-F7C8-492B-950A-0808C154D248}.Debug|Any CPU.ActiveCfg = Debug|Any CPU
		{11DAEEE9-F7C8-492B-950A-0808C154D248}.Debug|Any CPU.Build.0 = Debug|Any CPU
		{11DAEEE9-F7C8-492B-950A-0808C154D248}.Release|Any CPU.ActiveCfg = Release|Any CPU
		{11DAEEE9-F7C8-492B-950A-0808C154D248}.Release|Any CPU.Build.0 = Release|Any CPU
		{3ABB38CD-2B2A-4933-9378-AFFE5488244F}.Debug|Any CPU.ActiveCfg = Debug|Any CPU
		{3ABB38CD-2B2A-4933-9378-AFFE5488244F}.Debug|Any CPU.Build.0 = Debug|Any CPU
		{3ABB38CD-2B2A-4933-9378-AFFE5488244F}.Release|Any CPU.ActiveCfg = Release|Any CPU
		{3ABB38CD-2B2A-4933-9378-AFFE5488244F}.Release|Any CPU.Build.0 = Release|Any CPU
		{620024FC-A91F-40F5-9B04-B4318FD6668F}.Debug|Any CPU.ActiveCfg = Debug|Any CPU
		{620024FC-A91F-40F5-9B04-B4318FD6668F}.Debug|Any CPU.Build.0 = Debug|Any CPU
		{620024FC-A91F-40F5-9B04-B4318FD6668F}.Release|Any CPU.ActiveCfg = Release|Any CPU
		{620024FC-A91F-40F5-9B04-B4318FD6668F}.Release|Any CPU.Build.0 = Release|Any CPU
		{33AA19B6-DEF5-4496-80E3-9A6D96911697}.Debug|Any CPU.ActiveCfg = Debug|Any CPU
		{33AA19B6-DEF5-4496-80E3-9A6D96911697}.Debug|Any CPU.Build.0 = Debug|Any CPU
		{33AA19B6-DEF5-4496-80E3-9A6D96911697}.Release|Any CPU.ActiveCfg = Release|Any CPU
		{33AA19B6-DEF5-4496-80E3-9A6D96911697}.Release|Any CPU.Build.0 = Release|Any CPU
		{DC6136B5-5CE7-48E1-8DA1-8B0266EF81CD}.Debug|Any CPU.ActiveCfg = Debug|Any CPU
		{DC6136B5-5CE7-48E1-8DA1-8B0266EF81CD}.Debug|Any CPU.Build.0 = Debug|Any CPU
		{DC6136B5-5CE7-48E1-8DA1-8B0266EF81CD}.Release|Any CPU.ActiveCfg = Release|Any CPU
		{DC6136B5-5CE7-48E1-8DA1-8B0266EF81CD}.Release|Any CPU.Build.0 = Release|Any CPU
		{49DF953F-71CE-4067-AF56-5242069F7625}.Debug|Any CPU.ActiveCfg = Debug|Any CPU
		{49DF953F-71CE-4067-AF56-5242069F7625}.Debug|Any CPU.Build.0 = Debug|Any CPU
		{49DF953F-71CE-4067-AF56-5242069F7625}.Release|Any CPU.ActiveCfg = Release|Any CPU
		{49DF953F-71CE-4067-AF56-5242069F7625}.Release|Any CPU.Build.0 = Release|Any CPU
		{0DE7D048-B2AA-476B-968C-5DDB971658A9}.Debug|Any CPU.ActiveCfg = Debug|Any CPU
		{0DE7D048-B2AA-476B-968C-5DDB971658A9}.Debug|Any CPU.Build.0 = Debug|Any CPU
		{0DE7D048-B2AA-476B-968C-5DDB971658A9}.Release|Any CPU.ActiveCfg = Release|Any CPU
		{0DE7D048-B2AA-476B-968C-5DDB971658A9}.Release|Any CPU.Build.0 = Release|Any CPU
		{B68678AE-486D-4C77-A0CC-4F0618B26D8F}.Debug|Any CPU.ActiveCfg = Debug|Any CPU
		{B68678AE-486D-4C77-A0CC-4F0618B26D8F}.Debug|Any CPU.Build.0 = Debug|Any CPU
		{B68678AE-486D-4C77-A0CC-4F0618B26D8F}.Release|Any CPU.ActiveCfg = Release|Any CPU
		{B68678AE-486D-4C77-A0CC-4F0618B26D8F}.Release|Any CPU.Build.0 = Release|Any CPU
		{C4D761E0-482E-4048-BF0C-B2A70DDDDF9D}.Debug|Any CPU.ActiveCfg = Debug|Any CPU
		{C4D761E0-482E-4048-BF0C-B2A70DDDDF9D}.Debug|Any CPU.Build.0 = Debug|Any CPU
		{C4D761E0-482E-4048-BF0C-B2A70DDDDF9D}.Release|Any CPU.ActiveCfg = Release|Any CPU
		{C4D761E0-482E-4048-BF0C-B2A70DDDDF9D}.Release|Any CPU.Build.0 = Release|Any CPU
		{40C3CDA8-BE4F-4918-80C7-2F25CFBEB638}.Debug|Any CPU.ActiveCfg = Debug|Any CPU
		{40C3CDA8-BE4F-4918-80C7-2F25CFBEB638}.Debug|Any CPU.Build.0 = Debug|Any CPU
		{40C3CDA8-BE4F-4918-80C7-2F25CFBEB638}.Release|Any CPU.ActiveCfg = Release|Any CPU
		{40C3CDA8-BE4F-4918-80C7-2F25CFBEB638}.Release|Any CPU.Build.0 = Release|Any CPU
		{2ED1E36B-3485-4FA9-A4EF-2A8BD067280F}.Debug|Any CPU.ActiveCfg = Debug|Any CPU
		{2ED1E36B-3485-4FA9-A4EF-2A8BD067280F}.Debug|Any CPU.Build.0 = Debug|Any CPU
		{2ED1E36B-3485-4FA9-A4EF-2A8BD067280F}.Release|Any CPU.ActiveCfg = Release|Any CPU
		{2ED1E36B-3485-4FA9-A4EF-2A8BD067280F}.Release|Any CPU.Build.0 = Release|Any CPU
		{FF907CE8-7949-43EB-8D9A-F77824D37956}.Debug|Any CPU.ActiveCfg = Debug|Any CPU
		{FF907CE8-7949-43EB-8D9A-F77824D37956}.Debug|Any CPU.Build.0 = Debug|Any CPU
		{FF907CE8-7949-43EB-8D9A-F77824D37956}.Release|Any CPU.ActiveCfg = Release|Any CPU
		{FF907CE8-7949-43EB-8D9A-F77824D37956}.Release|Any CPU.Build.0 = Release|Any CPU
		{F62A457F-04A1-45AC-9E9B-824B5366CEA6}.Debug|Any CPU.ActiveCfg = Debug|Any CPU
		{F62A457F-04A1-45AC-9E9B-824B5366CEA6}.Debug|Any CPU.Build.0 = Debug|Any CPU
		{F62A457F-04A1-45AC-9E9B-824B5366CEA6}.Release|Any CPU.ActiveCfg = Release|Any CPU
		{F62A457F-04A1-45AC-9E9B-824B5366CEA6}.Release|Any CPU.Build.0 = Release|Any CPU
		{6A3300E3-797E-486E-88B3-96190A93F08C}.Debug|Any CPU.ActiveCfg = Debug|Any CPU
		{6A3300E3-797E-486E-88B3-96190A93F08C}.Debug|Any CPU.Build.0 = Debug|Any CPU
		{6A3300E3-797E-486E-88B3-96190A93F08C}.Release|Any CPU.ActiveCfg = Release|Any CPU
		{6A3300E3-797E-486E-88B3-96190A93F08C}.Release|Any CPU.Build.0 = Release|Any CPU
		{BD4691B2-4C7E-463A-8AFF-6B5E53CF20F5}.Debug|Any CPU.ActiveCfg = Debug|Any CPU
		{BD4691B2-4C7E-463A-8AFF-6B5E53CF20F5}.Debug|Any CPU.Build.0 = Debug|Any CPU
		{BD4691B2-4C7E-463A-8AFF-6B5E53CF20F5}.Release|Any CPU.ActiveCfg = Release|Any CPU
		{BD4691B2-4C7E-463A-8AFF-6B5E53CF20F5}.Release|Any CPU.Build.0 = Release|Any CPU
		{F6E7661A-09FC-456E-B4D9-2761836E3F63}.Debug|Any CPU.ActiveCfg = Debug|Any CPU
		{F6E7661A-09FC-456E-B4D9-2761836E3F63}.Debug|Any CPU.Build.0 = Debug|Any CPU
		{F6E7661A-09FC-456E-B4D9-2761836E3F63}.Release|Any CPU.ActiveCfg = Release|Any CPU
		{F6E7661A-09FC-456E-B4D9-2761836E3F63}.Release|Any CPU.Build.0 = Release|Any CPU
		{BA676AAD-CB1F-40D5-861F-06C8D6FB737C}.Debug|Any CPU.ActiveCfg = Debug|Any CPU
		{BA676AAD-CB1F-40D5-861F-06C8D6FB737C}.Debug|Any CPU.Build.0 = Debug|Any CPU
		{BA676AAD-CB1F-40D5-861F-06C8D6FB737C}.Release|Any CPU.ActiveCfg = Release|Any CPU
		{BA676AAD-CB1F-40D5-861F-06C8D6FB737C}.Release|Any CPU.Build.0 = Release|Any CPU
		{71411EAB-3994-4224-9D97-513332901D13}.Debug|Any CPU.ActiveCfg = Debug|Any CPU
		{71411EAB-3994-4224-9D97-513332901D13}.Debug|Any CPU.Build.0 = Debug|Any CPU
		{71411EAB-3994-4224-9D97-513332901D13}.Release|Any CPU.ActiveCfg = Release|Any CPU
		{71411EAB-3994-4224-9D97-513332901D13}.Release|Any CPU.Build.0 = Release|Any CPU
		{65AA512F-6094-4BED-B65A-A4367FB96E63}.Debug|Any CPU.ActiveCfg = Debug|Any CPU
		{65AA512F-6094-4BED-B65A-A4367FB96E63}.Debug|Any CPU.Build.0 = Debug|Any CPU
		{65AA512F-6094-4BED-B65A-A4367FB96E63}.Release|Any CPU.ActiveCfg = Release|Any CPU
		{65AA512F-6094-4BED-B65A-A4367FB96E63}.Release|Any CPU.Build.0 = Release|Any CPU
		{D2ED5D6C-030E-42E1-A423-00F287668D69}.Debug|Any CPU.ActiveCfg = Debug|Any CPU
		{D2ED5D6C-030E-42E1-A423-00F287668D69}.Debug|Any CPU.Build.0 = Debug|Any CPU
		{D2ED5D6C-030E-42E1-A423-00F287668D69}.Release|Any CPU.ActiveCfg = Release|Any CPU
		{D2ED5D6C-030E-42E1-A423-00F287668D69}.Release|Any CPU.Build.0 = Release|Any CPU
		{C32BB284-FFA0-476B-A66E-FDFC31E116A5}.Debug|Any CPU.ActiveCfg = Debug|Any CPU
		{C32BB284-FFA0-476B-A66E-FDFC31E116A5}.Debug|Any CPU.Build.0 = Debug|Any CPU
		{C32BB284-FFA0-476B-A66E-FDFC31E116A5}.Release|Any CPU.ActiveCfg = Release|Any CPU
		{C32BB284-FFA0-476B-A66E-FDFC31E116A5}.Release|Any CPU.Build.0 = Release|Any CPU
		{4629EEBB-91B9-4FFD-BD19-95CAC33D3358}.Debug|Any CPU.ActiveCfg = Debug|Any CPU
		{4629EEBB-91B9-4FFD-BD19-95CAC33D3358}.Debug|Any CPU.Build.0 = Debug|Any CPU
		{4629EEBB-91B9-4FFD-BD19-95CAC33D3358}.Release|Any CPU.ActiveCfg = Release|Any CPU
		{4629EEBB-91B9-4FFD-BD19-95CAC33D3358}.Release|Any CPU.Build.0 = Release|Any CPU
		{93427181-3B6D-47E4-86E0-8851456272B0}.Debug|Any CPU.ActiveCfg = Debug|Any CPU
		{93427181-3B6D-47E4-86E0-8851456272B0}.Debug|Any CPU.Build.0 = Debug|Any CPU
		{93427181-3B6D-47E4-86E0-8851456272B0}.Release|Any CPU.ActiveCfg = Release|Any CPU
		{93427181-3B6D-47E4-86E0-8851456272B0}.Release|Any CPU.Build.0 = Release|Any CPU
		{2C57A6D8-EF85-497A-A83E-02B8273CD371}.Debug|Any CPU.ActiveCfg = Debug|Any CPU
		{2C57A6D8-EF85-497A-A83E-02B8273CD371}.Debug|Any CPU.Build.0 = Debug|Any CPU
		{2C57A6D8-EF85-497A-A83E-02B8273CD371}.Release|Any CPU.ActiveCfg = Release|Any CPU
		{2C57A6D8-EF85-497A-A83E-02B8273CD371}.Release|Any CPU.Build.0 = Release|Any CPU
		{44C44488-AA46-4166-AC1F-ADCD82B256A4}.Debug|Any CPU.ActiveCfg = Debug|Any CPU
		{44C44488-AA46-4166-AC1F-ADCD82B256A4}.Debug|Any CPU.Build.0 = Debug|Any CPU
		{44C44488-AA46-4166-AC1F-ADCD82B256A4}.Release|Any CPU.ActiveCfg = Release|Any CPU
		{44C44488-AA46-4166-AC1F-ADCD82B256A4}.Release|Any CPU.Build.0 = Release|Any CPU
		{81AD0A51-FEF9-4C8C-9262-7D11C60EFE7B}.Debug|Any CPU.ActiveCfg = Debug|Any CPU
		{81AD0A51-FEF9-4C8C-9262-7D11C60EFE7B}.Debug|Any CPU.Build.0 = Debug|Any CPU
		{81AD0A51-FEF9-4C8C-9262-7D11C60EFE7B}.Release|Any CPU.ActiveCfg = Release|Any CPU
		{81AD0A51-FEF9-4C8C-9262-7D11C60EFE7B}.Release|Any CPU.Build.0 = Release|Any CPU
		{20E142AA-3D6E-478D-8506-AA1B6A4B9703}.Debug|Any CPU.ActiveCfg = Debug|Any CPU
		{20E142AA-3D6E-478D-8506-AA1B6A4B9703}.Debug|Any CPU.Build.0 = Debug|Any CPU
		{20E142AA-3D6E-478D-8506-AA1B6A4B9703}.Release|Any CPU.ActiveCfg = Release|Any CPU
		{20E142AA-3D6E-478D-8506-AA1B6A4B9703}.Release|Any CPU.Build.0 = Release|Any CPU
		{9B052744-6751-448C-806E-56416D821247}.Debug|Any CPU.ActiveCfg = Debug|Any CPU
		{9B052744-6751-448C-806E-56416D821247}.Debug|Any CPU.Build.0 = Debug|Any CPU
		{9B052744-6751-448C-806E-56416D821247}.Release|Any CPU.ActiveCfg = Release|Any CPU
		{9B052744-6751-448C-806E-56416D821247}.Release|Any CPU.Build.0 = Release|Any CPU
		{53164D52-C9BB-4C07-B71B-FC7A1AF8CFBF}.Debug|Any CPU.ActiveCfg = Debug|Any CPU
		{53164D52-C9BB-4C07-B71B-FC7A1AF8CFBF}.Debug|Any CPU.Build.0 = Debug|Any CPU
		{53164D52-C9BB-4C07-B71B-FC7A1AF8CFBF}.Release|Any CPU.ActiveCfg = Release|Any CPU
		{53164D52-C9BB-4C07-B71B-FC7A1AF8CFBF}.Release|Any CPU.Build.0 = Release|Any CPU
		{C5D71C00-40AA-4CF4-A07A-530FEF58D1C2}.Debug|Any CPU.ActiveCfg = Debug|Any CPU
		{C5D71C00-40AA-4CF4-A07A-530FEF58D1C2}.Debug|Any CPU.Build.0 = Debug|Any CPU
		{C5D71C00-40AA-4CF4-A07A-530FEF58D1C2}.Release|Any CPU.ActiveCfg = Release|Any CPU
		{C5D71C00-40AA-4CF4-A07A-530FEF58D1C2}.Release|Any CPU.Build.0 = Release|Any CPU
		{9E72FBC9-5C85-4798-BA3E-F97DB01D7ACE}.Debug|Any CPU.ActiveCfg = Debug|Any CPU
		{9E72FBC9-5C85-4798-BA3E-F97DB01D7ACE}.Debug|Any CPU.Build.0 = Debug|Any CPU
		{9E72FBC9-5C85-4798-BA3E-F97DB01D7ACE}.Release|Any CPU.ActiveCfg = Release|Any CPU
		{9E72FBC9-5C85-4798-BA3E-F97DB01D7ACE}.Release|Any CPU.Build.0 = Release|Any CPU
		{975DEB24-C842-4481-980B-2CB0749698DA}.Debug|Any CPU.ActiveCfg = Debug|Any CPU
		{975DEB24-C842-4481-980B-2CB0749698DA}.Debug|Any CPU.Build.0 = Debug|Any CPU
		{975DEB24-C842-4481-980B-2CB0749698DA}.Release|Any CPU.ActiveCfg = Release|Any CPU
		{975DEB24-C842-4481-980B-2CB0749698DA}.Release|Any CPU.Build.0 = Release|Any CPU
		{A7BE90EF-F06E-4E92-8DCB-FDFC4460D50E}.Debug|Any CPU.ActiveCfg = Debug|Any CPU
		{A7BE90EF-F06E-4E92-8DCB-FDFC4460D50E}.Debug|Any CPU.Build.0 = Debug|Any CPU
		{A7BE90EF-F06E-4E92-8DCB-FDFC4460D50E}.Release|Any CPU.ActiveCfg = Release|Any CPU
		{A7BE90EF-F06E-4E92-8DCB-FDFC4460D50E}.Release|Any CPU.Build.0 = Release|Any CPU
		{89FC6023-70CD-4520-8CB2-1C17ABAF7B6B}.Debug|Any CPU.ActiveCfg = Debug|Any CPU
		{89FC6023-70CD-4520-8CB2-1C17ABAF7B6B}.Debug|Any CPU.Build.0 = Debug|Any CPU
		{89FC6023-70CD-4520-8CB2-1C17ABAF7B6B}.Release|Any CPU.ActiveCfg = Release|Any CPU
		{89FC6023-70CD-4520-8CB2-1C17ABAF7B6B}.Release|Any CPU.Build.0 = Release|Any CPU
		{89B5F3D3-1829-4032-99EF-846E4176506D}.Debug|Any CPU.ActiveCfg = Debug|Any CPU
		{89B5F3D3-1829-4032-99EF-846E4176506D}.Debug|Any CPU.Build.0 = Debug|Any CPU
		{89B5F3D3-1829-4032-99EF-846E4176506D}.Release|Any CPU.ActiveCfg = Release|Any CPU
		{89B5F3D3-1829-4032-99EF-846E4176506D}.Release|Any CPU.Build.0 = Release|Any CPU
		{30C7C23B-D8A4-4DCA-A285-41AF4464FDAF}.Debug|Any CPU.ActiveCfg = Debug|Any CPU
		{30C7C23B-D8A4-4DCA-A285-41AF4464FDAF}.Debug|Any CPU.Build.0 = Debug|Any CPU
		{30C7C23B-D8A4-4DCA-A285-41AF4464FDAF}.Release|Any CPU.ActiveCfg = Release|Any CPU
		{30C7C23B-D8A4-4DCA-A285-41AF4464FDAF}.Release|Any CPU.Build.0 = Release|Any CPU
		{243DC335-B368-435D-9D57-851DB2CBB20D}.Debug|Any CPU.ActiveCfg = Debug|Any CPU
		{243DC335-B368-435D-9D57-851DB2CBB20D}.Debug|Any CPU.Build.0 = Debug|Any CPU
		{243DC335-B368-435D-9D57-851DB2CBB20D}.Release|Any CPU.ActiveCfg = Release|Any CPU
		{243DC335-B368-435D-9D57-851DB2CBB20D}.Release|Any CPU.Build.0 = Release|Any CPU
		{5AAECF88-324A-4795-8123-D0560ADABB71}.Debug|Any CPU.ActiveCfg = Debug|Any CPU
		{5AAECF88-324A-4795-8123-D0560ADABB71}.Debug|Any CPU.Build.0 = Debug|Any CPU
		{5AAECF88-324A-4795-8123-D0560ADABB71}.Release|Any CPU.ActiveCfg = Release|Any CPU
		{5AAECF88-324A-4795-8123-D0560ADABB71}.Release|Any CPU.Build.0 = Release|Any CPU
	EndGlobalSection
	GlobalSection(SolutionProperties) = preSolution
		HideSolutionNode = FALSE
	EndGlobalSection
	GlobalSection(ExtensibilityGlobals) = postSolution
		SolutionGuid = {86B88EF1-6934-468B-9E1A-95B3EB27BC69}
	EndGlobalSection
EndGlobal
